# This file is generated by running "yarn install" inside your project.
# Manual changes might be lost - proceed with caution!

__metadata:
  version: 10
  cacheKey: 10

"@gerrit0/mini-shiki@npm:^3.23.0":
  version: 3.23.0
  resolution: "@gerrit0/mini-shiki@npm:3.23.0"
  dependencies:
    "@shikijs/engine-oniguruma": "npm:^3.23.0"
    "@shikijs/langs": "npm:^3.23.0"
    "@shikijs/themes": "npm:^3.23.0"
    "@shikijs/types": "npm:^3.23.0"
    "@shikijs/vscode-textmate": "npm:^10.0.2"
  checksum: 10/d44dac7c3f58ba136285b3c15c8a89eba120f7a493dddcf6178601ab8c0a5286da6a19515100297934288c41ae225f21013a4c395fe2f656b58f812dd13ccc1e
  languageName: node
  linkType: hard

"@shikijs/engine-oniguruma@npm:^3.23.0":
  version: 3.23.0
  resolution: "@shikijs/engine-oniguruma@npm:3.23.0"
  dependencies:
    "@shikijs/types": "npm:3.23.0"
    "@shikijs/vscode-textmate": "npm:^10.0.2"
  checksum: 10/edd8983be86f6b055793813e80ecf31c3cefdd896f3742797ae03f2cbb9f467ac736c4b152d4a5c42dbd17da17d24ff798a15d37bcf6205d7f8cd8f44e2a11e0
  languageName: node
  linkType: hard

"@shikijs/langs@npm:^3.23.0":
  version: 3.23.0
  resolution: "@shikijs/langs@npm:3.23.0"
  dependencies:
    "@shikijs/types": "npm:3.23.0"
  checksum: 10/115b1afb9eb4eb300eb68b146e442f7e6d196878798c5b9d75dd53a6ef1e1c3b27e325353a10973e3fa47d88630e937b8a3cf3b37b6eef80bf2aec3d51657bb3
  languageName: node
  linkType: hard

"@shikijs/themes@npm:^3.23.0":
  version: 3.23.0
  resolution: "@shikijs/themes@npm:3.23.0"
  dependencies:
    "@shikijs/types": "npm:3.23.0"
  checksum: 10/741987380445b788aea6cc1e03492bc06950f1a0461edf45083bd226889c5ba78c7ed1af9724afacab7d6471777f0c0e8871577183dfb2cfbceb255663374835
  languageName: node
  linkType: hard

"@shikijs/types@npm:3.23.0, @shikijs/types@npm:^3.23.0":
  version: 3.23.0
  resolution: "@shikijs/types@npm:3.23.0"
  dependencies:
    "@shikijs/vscode-textmate": "npm:^10.0.2"
    "@types/hast": "npm:^3.0.4"
  checksum: 10/18b5703d445d53dd6782a3e2c7332009302c6c046f301d9cd99f1a26b9c8329b3e502b096894bffac61f78835c533827bab2ce78a39666ab87b78f8d7ca11f7b
  languageName: node
  linkType: hard

"@shikijs/vscode-textmate@npm:^10.0.2":
  version: 10.0.2
  resolution: "@shikijs/vscode-textmate@npm:10.0.2"
  checksum: 10/d924cba8a01cd9ca12f56ba097d628fdb81455abb85884c8d8a5ae85b628a37dd5907e7691019b97107bd6608c866adf91ba04a1c3bba391281c88e386c044ea
  languageName: node
  linkType: hard

"@thi.ng/api@npm:^8.12.28":
  version: 8.12.28
  resolution: "@thi.ng/api@npm:8.12.28"
  checksum: 10/d68ed99d899bf91687700c0ce8abd6d6d54be49a781696e7828fee0f48b3e144ba3fbb7ec8c153f185c9eb6c22887fdad0beb89d0ecaf400316afad3e9a6240c
  languageName: node
  linkType: hard

"@thi.ng/args@npm:^3.2.27":
  version: 3.2.27
  resolution: "@thi.ng/args@npm:3.2.27"
  dependencies:
    "@thi.ng/api": "npm:^8.12.28"
    "@thi.ng/checks": "npm:^3.11.1"
    "@thi.ng/errors": "npm:^2.6.17"
    "@thi.ng/logger": "npm:^3.3.11"
    "@thi.ng/strings": "npm:^3.12.10"
    "@thi.ng/text-format": "npm:^2.2.68"
  checksum: 10/411b983db3ff903b281bcdce764026e412236d401d974f623dd9a3144a35279bb2d813bf649cdbfa2a98798b7dee40c472e2e3d877692942f2b710fdcabb288f
  languageName: node
  linkType: hard

"@thi.ng/arrays@npm:^2.14.26":
  version: 2.14.26
  resolution: "@thi.ng/arrays@npm:2.14.26"
  dependencies:
    "@thi.ng/api": "npm:^8.12.28"
    "@thi.ng/checks": "npm:^3.11.1"
    "@thi.ng/compare": "npm:^2.5.16"
    "@thi.ng/equiv": "npm:^2.1.117"
    "@thi.ng/errors": "npm:^2.6.17"
    "@thi.ng/random": "npm:^4.1.54"
  checksum: 10/c3f2bbb24bc81cc2a8e961ef8c4e946f45f615bee1a63a6e6ab50d35ffb896300e3ec164ef6c749431556570bc4eef97d81e2fb52cdc9080d3669cfbf90ea049
  languageName: node
  linkType: hard

"@thi.ng/checks@npm:^3.11.1":
  version: 3.11.1
  resolution: "@thi.ng/checks@npm:3.11.1"
  checksum: 10/63b170c85adf3e27d580f17ab28a87a2e809ad2a5284b737a13bb98b2653bf224f199154810a3611daaad9eeb9ed19c822504a42320632c0137b51d76ea1e8e2
  languageName: node
  linkType: hard

"@thi.ng/compare@npm:^2.5.16":
  version: 2.5.16
  resolution: "@thi.ng/compare@npm:2.5.16"
  dependencies:
    "@thi.ng/api": "npm:^8.12.28"
  checksum: 10/24da21539e8d02ad284e5a8c56d3f71b5a10ede49afb60aaae8776062f2bd84c80bed2d6a632acf2e851417c3a6344a594e3e3b78fc23bd0e17a5fa46bb8a565
  languageName: node
  linkType: hard

"@thi.ng/compose@npm:^3.0.65":
  version: 3.0.65
  resolution: "@thi.ng/compose@npm:3.0.65"
  dependencies:
    "@thi.ng/api": "npm:^8.12.28"
    "@thi.ng/errors": "npm:^2.6.17"
  checksum: 10/d98812f4630c917a2b068574bfeaa15c0a376131660f444276580ef7fade0d871bea680604e771968b12fae8ce35b34dc75a303be91e6760d63ab7a4f1cb6e54
  languageName: node
  linkType: hard

"@thi.ng/csv@npm:^2.5.43":
  version: 2.5.43
  resolution: "@thi.ng/csv@npm:2.5.43"
  dependencies:
    "@thi.ng/api": "npm:^8.12.28"
    "@thi.ng/checks": "npm:^3.11.1"
    "@thi.ng/errors": "npm:^2.6.17"
    "@thi.ng/strings": "npm:^3.12.10"
    "@thi.ng/transducers": "npm:^9.7.0"
  checksum: 10/826b628c70bf2042fea7914140105e52ef5a598b1f53187df941662d6e732088e219215d433bd16292fd1cbc9266785b427f42ec47c8f9b9d7d91276ae907959
  languageName: node
  linkType: hard

"@thi.ng/date@npm:^3.0.2":
  version: 3.0.2
  resolution: "@thi.ng/date@npm:3.0.2"
  dependencies:
    "@thi.ng/api": "npm:^8.12.28"
    "@thi.ng/checks": "npm:^3.11.1"
    "@thi.ng/strings": "npm:^3.12.10"
  checksum: 10/53f8888abd01071931474e1fc0aab2e7363b0e0491d7fb69b6dd7645679de143ad07b664f714569b4d33d48bc228931569dbb04e5ab1a8fe00a94172edf07043
  languageName: node
  linkType: hard

"@thi.ng/defmulti@npm:^3.0.105":
  version: 3.0.105
  resolution: "@thi.ng/defmulti@npm:3.0.105"
  dependencies:
    "@thi.ng/api": "npm:^8.12.28"
    "@thi.ng/errors": "npm:^2.6.17"
    "@thi.ng/logger": "npm:^3.3.11"
  checksum: 10/5746de84f708ea47709a3aec0cff829e8c08b89b9a6babab1275ee2b140ddeeda9da000a28943bcf74c5c4f9451eddae76f59b0e393af85b9cfb2320a2f71328
  languageName: node
  linkType: hard

"@thi.ng/equiv@npm:^2.1.117":
  version: 2.1.117
  resolution: "@thi.ng/equiv@npm:2.1.117"
  checksum: 10/5937b9f734c2bb94edbab2a63df6e38bd86faa9eb2540227341bb407a1be702d47d358d75b6c756f44d37281da4214f1d4cac65b90bc6bfbdf18ba4cfc0d990b
  languageName: node
  linkType: hard

"@thi.ng/errors@npm:^2.6.17":
  version: 2.6.17
  resolution: "@thi.ng/errors@npm:2.6.17"
  checksum: 10/d070eb76e7a925147c321dc08f3477323a0b78f3d83b28aa3c290367d959282e7f64293a10dc49b2f5e18eaaa52e41590aa020b6031603057a32ef97edce7444
  languageName: node
  linkType: hard

"@thi.ng/file-io@npm:^2.3.3":
  version: 2.3.3
  resolution: "@thi.ng/file-io@npm:2.3.3"
  dependencies:
    "@thi.ng/api": "npm:^8.12.28"
    "@thi.ng/checks": "npm:^3.11.1"
    "@thi.ng/hex": "npm:^2.4.20"
    "@thi.ng/logger": "npm:^3.3.11"
    "@thi.ng/random": "npm:^4.1.54"
  checksum: 10/0342d99aa6dd945e13d0e0ae2ef3c28ee72e8d7051dde2bc68710fd57b23df1a10796b6beda6d5aabe2d89d33c748f2a4b4b5659b12c687961d7afdc63915f98
  languageName: node
  linkType: hard

"@thi.ng/hex@npm:^2.4.20":
  version: 2.4.20
  resolution: "@thi.ng/hex@npm:2.4.20"
  checksum: 10/28433e08b1ba2bd09544cd30359feaee647be55bee35c64c57622fbec6da900cd9a445f939d3c9deb43df8277d637a864d713041639cce5b7d89526c3428c3cd
  languageName: node
  linkType: hard

"@thi.ng/ledger-cli@workspace:packages/ledger-cli":
  version: 0.0.0-use.local
  resolution: "@thi.ng/ledger-cli@workspace:packages/ledger-cli"
  dependencies:
    "@thi.ng/api": "npm:^8.12.28"
    "@thi.ng/args": "npm:^3.2.27"
    "@thi.ng/compare": "npm:^2.5.16"
    "@thi.ng/csv": "npm:^2.5.43"
    "@thi.ng/date": "npm:^3.0.2"
    "@thi.ng/defmulti": "npm:^3.0.105"
    "@thi.ng/errors": "npm:^2.6.17"
    "@thi.ng/file-io": "npm:^2.3.3"
    "@thi.ng/lispy": "npm:^0.4.41"
    "@thi.ng/logger": "npm:^3.3.11"
    "@thi.ng/markdown-table": "npm:^1.0.71"
    "@thi.ng/transducers": "npm:^9.7.0"
    "@thi.ng/trie": "npm:^2.1.6"
    "@types/node": "npm:^22.20.1"
    dotenv: "npm:^17.4.2"
    typedoc: "npm:^0.28.20"
    typescript: "npm:^7.0.2"
  bin:
    ledger-cli: bin/ledger-cli
  languageName: unknown
  linkType: soft

"@thi.ng/lispy@npm:^0.4.41":
  version: 0.4.41
  resolution: "@thi.ng/lispy@npm:0.4.41"
  dependencies:
    "@thi.ng/api": "npm:^8.12.28"
    "@thi.ng/checks": "npm:^3.11.1"
    "@thi.ng/compare": "npm:^2.5.16"
    "@thi.ng/defmulti": "npm:^3.0.105"
    "@thi.ng/errors": "npm:^2.6.17"
    "@thi.ng/math": "npm:^5.15.17"
    "@thi.ng/object-utils": "npm:^1.3.21"
    "@thi.ng/sexpr": "npm:^1.1.39"
    "@thi.ng/strings": "npm:^3.12.10"
  checksum: 10/e771d61b6c217d1fd4d3a72cdcefb1109c7eb3f41585c4613527a3b45957976c55d3db9612ca7d363da9cac931ad9433062845c0377e4e8bebe01a1d63acf1aa
  languageName: node
  linkType: hard

"@thi.ng/logger@npm:^3.3.11":
  version: 3.3.11
  resolution: "@thi.ng/logger@npm:3.3.11"
  checksum: 10/8f9a2e728f8d68e0b4c656457ab81c06a6e696006189e78b446135920a3bd2383b79ba80e1b8a82ba4dce59d36dddae8f14a39aea16ac1ed1993f9d845776e06
  languageName: node
  linkType: hard

"@thi.ng/markdown-table@npm:^1.0.71":
  version: 1.0.71
  resolution: "@thi.ng/markdown-table@npm:1.0.71"
  dependencies:
    "@thi.ng/api": "npm:^8.12.28"
    "@thi.ng/checks": "npm:^3.11.1"
    "@thi.ng/compose": "npm:^3.0.65"
    "@thi.ng/errors": "npm:^2.6.17"
    "@thi.ng/strings": "npm:^3.12.10"
    "@thi.ng/transducers": "npm:^9.7.0"
  checksum: 10/401bbf2525c4777e5c6b2bf2355dc1034a6a0cecb7a6e754f07b89d4320b24b6a69afdec7a0acec1741261eba3b8660328b8b311d5be6c7f3b1d5a60ae70346c
  languageName: node
  linkType: hard

"@thi.ng/math@npm:^5.15.17":
  version: 5.15.17
  resolution: "@thi.ng/math@npm:5.15.17"
  dependencies:
    "@thi.ng/api": "npm:^8.12.28"
  checksum: 10/fcd7fe1a55b6af66088977ea19577549b95af725e8a2a35367cb86572845abe0324647f34551c5d02277bc1645efb560fc14723dc7ff258926479aceb009c6d9
  languageName: node
  linkType: hard

"@thi.ng/memoize@npm:^4.0.52":
  version: 4.0.52
  resolution: "@thi.ng/memoize@npm:4.0.52"
  dependencies:
    "@thi.ng/api": "npm:^8.12.28"
  checksum: 10/4c117ee62e5335214b06d723bcffa1d7a5899621907cc67d1f542cced284ef7a6e070a7e170bd44fca8d816a51ede3f4fb47066640cfbd5efcd1fe8be7f56a7a
  languageName: node
  linkType: hard

"@thi.ng/object-utils@npm:^1.3.21":
  version: 1.3.21
  resolution: "@thi.ng/object-utils@npm:1.3.21"
  dependencies:
    "@thi.ng/api": "npm:^8.12.28"
    "@thi.ng/checks": "npm:^3.11.1"
  checksum: 10/82f923b9c4c7692675012ff59c87f51f8b7833f7292f961e7cd97f3c835f958a65e7c6e26cb159d1bcea11de47a42df649b4d1e310a2df4d71d338cc29dc5618
  languageName: node
  linkType: hard

"@thi.ng/random@npm:^4.1.54":
  version: 4.1.54
  resolution: "@thi.ng/random@npm:4.1.54"
  dependencies:
    "@thi.ng/api": "npm:^8.12.28"
    "@thi.ng/errors": "npm:^2.6.17"
  checksum: 10/e3020e4343ce7c975d2c313c847d9cc15c377fb1e117feb3b51c1faba7af251cb53c8c494b4c313a831aeb8995bfc9db823ab764a6f52361bd42120c24d0290e
  languageName: node
  linkType: hard

"@thi.ng/sexpr@npm:^1.1.39":
  version: 1.1.39
  resolution: "@thi.ng/sexpr@npm:1.1.39"
  dependencies:
    "@thi.ng/api": "npm:^8.12.28"
    "@thi.ng/checks": "npm:^3.11.1"
    "@thi.ng/defmulti": "npm:^3.0.105"
    "@thi.ng/strings": "npm:^3.12.10"
  checksum: 10/4ec0a160725b1243e4c8c9ab4f77cd3e31dadaee92bb74166251cfb1af03f1ec19991169a3a73d09379b91b412166c508c0cce3c893ca5dd9987b6595ecc5ec7
  languageName: node
  linkType: hard

"@thi.ng/strings@npm:^3.12.10":
  version: 3.12.10
  resolution: "@thi.ng/strings@npm:3.12.10"
  dependencies:
    "@thi.ng/api": "npm:^8.12.28"
    "@thi.ng/errors": "npm:^2.6.17"
    "@thi.ng/hex": "npm:^2.4.20"
    "@thi.ng/memoize": "npm:^4.0.52"
  checksum: 10/98afec38eaa298b8c82fbb11b36fc783c420fd9dc252013c5ba0daf99f3065ab938e0f4fe55f935e9e89e9833d973b7b70546b61c5a43949892d44d4de633b2c
  languageName: node
  linkType: hard

"@thi.ng/text-format@npm:^2.2.68":
  version: 2.2.68
  resolution: "@thi.ng/text-format@npm:2.2.68"
  dependencies:
    "@thi.ng/api": "npm:^8.12.28"
    "@thi.ng/hex": "npm:^2.4.20"
    "@thi.ng/memoize": "npm:^4.0.52"
  checksum: 10/635f56678457577616dd1162b2a17fb374b603b8a8813cac132560582972e96a345e2c71829590baa7f80bd0fa125bd5fefd900d027023986123674f011e0d49
  languageName: node
  linkType: hard

"@thi.ng/timestamp@npm:^1.1.47":
  version: 1.1.47
  resolution: "@thi.ng/timestamp@npm:1.1.47"
  checksum: 10/7284a39ffe75a23da9a6fe7e5d6b551bf6819cfda8525bef3ce3433f9ccbdba3f06db7825a70646a49c01a43156500d5dc8efa212d0e8dc4d9b88dc874d7ea12
  languageName: node
  linkType: hard

"@thi.ng/transducers@npm:^9.7.0":
  version: 9.7.0
  resolution: "@thi.ng/transducers@npm:9.7.0"
  dependencies:
    "@thi.ng/api": "npm:^8.12.28"
    "@thi.ng/arrays": "npm:^2.14.26"
    "@thi.ng/checks": "npm:^3.11.1"
    "@thi.ng/compare": "npm:^2.5.16"
    "@thi.ng/compose": "npm:^3.0.65"
    "@thi.ng/errors": "npm:^2.6.17"
    "@thi.ng/math": "npm:^5.15.17"
    "@thi.ng/random": "npm:^4.1.54"
    "@thi.ng/timestamp": "npm:^1.1.47"
  checksum: 10/73f05b000eb89afc34d9ec6a85e50fc60a433952ee2f1e212fa9f3e40bfd32ee879531e8e991e9d88278922fa74567467c2e8f52ba078128ba2bc9fdbf1a9677
  languageName: node
  linkType: hard

"@thi.ng/trie@npm:^2.1.6":
  version: 2.1.6
  resolution: "@thi.ng/trie@npm:2.1.6"
  dependencies:
    "@thi.ng/api": "npm:^8.12.28"
  checksum: 10/da8a101aa97945af70da814ca15ecb9562964af80b7102e12b8c10f230a143777f9c8eb91db2848781c92cef019680cbc3c0b6a7cde64aa03a9302184801fc23
  languageName: node
  linkType: hard

"@types/hast@npm:^3.0.4":
  version: 3.0.4
  resolution: "@types/hast@npm:3.0.4"
  dependencies:
    "@types/unist": "npm:*"
  checksum: 10/732920d81bb7605895776841b7658b4d8cc74a43a8fa176017cc0fb0ecc1a4c82a2b75a4fe6b71aa262b649d3fb62858c6789efa3793ea1d40269953af96ecb5
  languageName: node
  linkType: hard

"@types/node@npm:*":
  version: 24.2.0
  resolution: "@types/node@npm:24.2.0"
  dependencies:
    undici-types: "npm:~7.10.0"
  checksum: 10/b81501e05f15df28102baac60afbc82d30009ee0bf4dee41b7fa326ec5789d0d83dd28c418e04dc30a9513ab6afb9813edc75042aef751336d8dcfefe099709c
  languageName: node
  linkType: hard

"@types/node@npm:^22.20.1":
  version: 22.20.1
  resolution: "@types/node@npm:22.20.1"
  dependencies:
    undici-types: "npm:~6.21.0"
  checksum: 10/0949e49d0383569ebd1222a2f65a9adb9328a6a6dbed459a02cdb37c61147755386c004c4ffbe436de59f5859df1774b1dd6bf168f7aeee46884bb190e0c384f
  languageName: node
  linkType: hard

"@types/unist@npm:*":
  version: 3.0.3
  resolution: "@types/unist@npm:3.0.3"
  checksum: 10/96e6453da9e075aaef1dc22482463898198acdc1eeb99b465e65e34303e2ec1e3b1ed4469a9118275ec284dc98019f63c3f5d49422f0e4ac707e5ab90fb3b71a
  languageName: node
  linkType: hard

"@typescript/typescript-aix-ppc64@npm:7.0.2":
  version: 7.0.2
  resolution: "@typescript/typescript-aix-ppc64@npm:7.0.2"
  conditions: os=aix & cpu=ppc64
  languageName: node
  linkType: hard

"@typescript/typescript-darwin-arm64@npm:7.0.2":
  version: 7.0.2
  resolution: "@typescript/typescript-darwin-arm64@npm:7.0.2"
  conditions: os=darwin & cpu=arm64
  languageName: node
  linkType: hard

"@typescript/typescript-darwin-x64@npm:7.0.2":
  version: 7.0.2
  resolution: "@typescript/typescript-darwin-x64@npm:7.0.2"
  conditions: os=darwin & cpu=x64
  languageName: node
  linkType: hard

"@typescript/typescript-freebsd-arm64@npm:7.0.2":
  version: 7.0.2
  resolution: "@typescript/typescript-freebsd-arm64@npm:7.0.2"
  conditions: os=freebsd & cpu=arm64
  languageName: node
  linkType: hard

"@typescript/typescript-freebsd-x64@npm:7.0.2":
  version: 7.0.2
  resolution: "@typescript/typescript-freebsd-x64@npm:7.0.2"
  conditions: os=freebsd & cpu=x64
  languageName: node
  linkType: hard

"@typescript/typescript-linux-arm64@npm:7.0.2":
  version: 7.0.2
  resolution: "@typescript/typescript-linux-arm64@npm:7.0.2"
  conditions: os=linux & cpu=arm64
  languageName: node
  linkType: hard

"@typescript/typescript-linux-arm@npm:7.0.2":
  version: 7.0.2
  resolution: "@typescript/typescript-linux-arm@npm:7.0.2"
  conditions: os=linux & cpu=arm
  languageName: node
  linkType: hard

"@typescript/typescript-linux-loong64@npm:7.0.2":
  version: 7.0.2
  resolution: "@typescript/typescript-linux-loong64@npm:7.0.2"
  conditions: os=linux & cpu=loong64
  languageName: node
  linkType: hard

"@typescript/typescript-linux-mips64el@npm:7.0.2":
  version: 7.0.2
  resolution: "@typescript/typescript-linux-mips64el@npm:7.0.2"
  conditions: os=linux & cpu=mips64el
  languageName: node
  linkType: hard

"@typescript/typescript-linux-ppc64@npm:7.0.2":
  version: 7.0.2
  resolution: "@typescript/typescript-linux-ppc64@npm:7.0.2"
  conditions: os=linux & cpu=ppc64
  languageName: node
  linkType: hard

"@typescript/typescript-linux-riscv64@npm:7.0.2":
  version: 7.0.2
  resolution: "@typescript/typescript-linux-riscv64@npm:7.0.2"
  conditions: os=linux & cpu=riscv64
  languageName: node
  linkType: hard

"@typescript/typescript-linux-s390x@npm:7.0.2":
  version: 7.0.2
  resolution: "@typescript/typescript-linux-s390x@npm:7.0.2"
  conditions: os=linux & cpu=s390x
  languageName: node
  linkType: hard

"@typescript/typescript-linux-x64@npm:7.0.2":
  version: 7.0.2
  resolution: "@typescript/typescript-linux-x64@npm:7.0.2"
  conditions: os=linux & cpu=x64
  languageName: node
  linkType: hard

"@typescript/typescript-netbsd-arm64@npm:7.0.2":
  version: 7.0.2
  resolution: "@typescript/typescript-netbsd-arm64@npm:7.0.2"
  conditions: os=netbsd & cpu=arm64
  languageName: node
  linkType: hard

"@typescript/typescript-netbsd-x64@npm:7.0.2":
  version: 7.0.2
  resolution: "@typescript/typescript-netbsd-x64@npm:7.0.2"
  conditions: os=netbsd & cpu=x64
  languageName: node
  linkType: hard

"@typescript/typescript-openbsd-arm64@npm:7.0.2":
  version: 7.0.2
  resolution: "@typescript/typescript-openbsd-arm64@npm:7.0.2"
  conditions: os=openbsd & cpu=arm64
  languageName: node
  linkType: hard

"@typescript/typescript-openbsd-x64@npm:7.0.2":
  version: 7.0.2
  resolution: "@typescript/typescript-openbsd-x64@npm:7.0.2"
  conditions: os=openbsd & cpu=x64
  languageName: node
  linkType: hard

"@typescript/typescript-sunos-x64@npm:7.0.2":
  version: 7.0.2
  resolution: "@typescript/typescript-sunos-x64@npm:7.0.2"
  conditions: os=sunos & cpu=x64
  languageName: node
  linkType: hard

"@typescript/typescript-win32-arm64@npm:7.0.2":
  version: 7.0.2
  resolution: "@typescript/typescript-win32-arm64@npm:7.0.2"
  conditions: os=win32 & cpu=arm64
  languageName: node
  linkType: hard

"@typescript/typescript-win32-x64@npm:7.0.2":
  version: 7.0.2
  resolution: "@typescript/typescript-win32-x64@npm:7.0.2"
  conditions: os=win32 & cpu=x64
  languageName: node
  linkType: hard

"argparse@npm:^2.0.1":
  version: 2.0.1
  resolution: "argparse@npm:2.0.1"
  checksum: 10/18640244e641a417ec75a9bd38b0b2b6b95af5199aa241b131d4b2fb206f334d7ecc600bd194861610a5579084978bfcbb02baa399dbe442d56d0ae5e60dbaef
  languageName: node
  linkType: hard

"balanced-match@npm:^4.0.2":
  version: 4.0.4
  resolution: "balanced-match@npm:4.0.4"
  checksum: 10/fb07bb66a0959c2843fc055838047e2a95ccebb837c519614afb067ebfdf2fa967ca8d712c35ced07f2cd26fc6f07964230b094891315ad74f11eba3d53178a0
  languageName: node
  linkType: hard

"brace-expansion@npm:^5.0.5":
  version: 5.0.5
  resolution: "brace-expansion@npm:5.0.5"
  dependencies:
    balanced-match: "npm:^4.0.2"
  checksum: 10/f259b2ddf04489da9512ad637ba6b4ef2d77abd4445d20f7f1714585f153435200a53fa6a2e4a5ee974df14ddad4cd16421f6f803e96e8b452bd48598878d0ee
  languageName: node
  linkType: hard

"bun-types@npm:1.4.2":
  version: 1.4.2
  resolution: "bun-types@npm:1.4.2"
  dependencies:
    "@types/node": "npm:*"
  checksum: 10/77d8053fd1dd758afec237429f2b363e809a12ef1788081dacf3a8e46a9d0bea7b271f0e0d04efec435c95301b2d74618986d4f6678cd1de30274cc663976613
  languageName: node
  linkType: hard

"dotenv@npm:^17.4.2":
  version: 17.4.2
  resolution: "dotenv@npm:17.4.2"
  checksum: 10/ca1b6f54d58e39914901e1518958e86083aca8deb5aa2e7f2a51acd53291d97852479b0ab26ed949b6a45a0e9adcc7b0d1c3c72375e8ea670f7005e341c6daba
  languageName: node
  linkType: hard

"entities@npm:^4.5.0":
  version: 4.5.0
  resolution: "entities@npm:4.5.0"
  checksum: 10/ede2a35c9bce1aeccd055a1b445d41c75a14a2bb1cd22e242f20cf04d236cdcd7f9c859eb83f76885327bfae0c25bf03303665ee1ce3d47c5927b98b0e3e3d48
  languageName: node
  linkType: hard

"linkify-it@npm:^5.0.2":
  version: 5.0.2
  resolution: "linkify-it@npm:5.0.2"
  dependencies:
    uc.micro: "npm:^2.0.0"
  checksum: 10/1d23387319c15f2c3d41cdada0fc2edac73afb6083e967ee051afc826f7d8d9f920e287fb7c32679b4516f60e6450853dee2b4339d7d2f313222e4b9e5be1476
  languageName: node
  linkType: hard

"lunr@npm:^2.3.9":
  version: 2.3.9
  resolution: "lunr@npm:2.3.9"
  checksum: 10/f2f6db34c046f5a767782fe2454e6dd69c75ba3c5cf5c1cb9cacca2313a99c2ba78ff8fa67dac866fb7c4ffd5f22e06684793f5f15ba14bddb598b94513d54bf
  languageName: node
  linkType: hard

"markdown-it@npm:^14.3.0":
  version: 14.3.1
  resolution: "markdown-it@npm:14.3.1"
  dependencies:
    argparse: "npm:^2.0.1"
    entities: "npm:^4.5.0"
    linkify-it: "npm:^5.0.2"
    mdurl: "npm:^2.0.0"
    punycode.js: "npm:^2.3.1"
    uc.micro: "npm:^2.1.0"
  bin:
    markdown-it: bin/markdown-it.mjs
  checksum: 10/a406dfdb79cca8c2460d24d53dcfebab9f749e521137f020c39c2e27cea9b28e4014f71c07937afce68e260118b07d028ea879fea2b223cf737ddb22c2820996
  languageName: node
  linkType: hard

"mdurl@npm:^2.0.0":
  version: 2.0.0
  resolution: "mdurl@npm:2.0.0"
  checksum: 10/1720349d4a53e401aa993241368e35c0ad13d816ad0b28388928c58ca9faa0cf755fa45f18ccbf64f4ce54a845a50ddce5c84e4016897b513096a68dac4b0158
  languageName: node
  linkType: hard

"minimatch@npm:^10.2.5":
  version: 10.2.5
  resolution: "minimatch@npm:10.2.5"
  dependencies:
    brace-expansion: "npm:^5.0.5"
  checksum: 10/19e87a931aff60ee7b9d80f39f817b8bfc54f61f8356ee3549fbf636dbccacacfec8d803eac73293955c4527cd085247dfc064bce4a5e349f8f3b85e2bf5da0f
  languageName: node
  linkType: hard

"prettier@npm:^3.9.6":
  version: 3.9.6
  resolution: "prettier@npm:3.9.6"
  bin:
    prettier: bin/prettier.cjs
  checksum: 10/1dd1a1e0e40ec3b91cda9d294c4a95022aef61880ca3f441aad99b1252279f58a766c4cece81132c01550dcff1fd445efbd8812ea4a2374313e7fc6c8136f11f
  languageName: node
  linkType: hard

"punycode.js@npm:^2.3.1":
  version: 2.3.1
  resolution: "punycode.js@npm:2.3.1"
  checksum: 10/f0e946d1edf063f9e3d30a32ca86d8ff90ed13ca40dad9c75d37510a04473340cfc98db23a905cc1e517b1e9deb0f6021dce6f422ace235c60d3c9ac47c5a16a
  languageName: node
  linkType: hard

"root-workspace-0b6124@workspace:.":
  version: 0.0.0-use.local
  resolution: "root-workspace-0b6124@workspace:."
  dependencies:
    bun-types: "npm:1.4.2"
    dotenv: "npm:^17.4.2"
    prettier: "npm:^3.9.6"
  languageName: unknown
  linkType: soft

"tools@workspace:tools":
  version: 0.0.0-use.local
  resolution: "tools@workspace:tools"
  dependencies:
    "@thi.ng/file-io": "npm:^2.3.3"
    "@thi.ng/logger": "npm:^3.3.11"
  languageName: unknown
  linkType: soft

"typedoc@npm:^0.28.20":
  version: 0.28.20
  resolution: "typedoc@npm:0.28.20"
  dependencies:
    "@gerrit0/mini-shiki": "npm:^3.23.0"
    lunr: "npm:^2.3.9"
    markdown-it: "npm:^14.3.0"
    minimatch: "npm:^10.2.5"
    yaml: "npm:^2.9.0"
  peerDependencies:
    typescript: 5.0.x || 5.1.x || 5.2.x || 5.3.x || 5.4.x || 5.5.x || 5.6.x || 5.7.x || 5.8.x || 5.9.x || 6.0.x
  bin:
    typedoc: bin/typedoc
  checksum: 10/947172bc1bd85333aab1c6fb9dfe925e9184fcca6c6cd7310588e7d2135efcd4c412dcf9eb495c34522d3efdc793c2bc9e58d7ea06b1f917abffb7494ae04ec7
  languageName: node
  linkType: hard

"typescript@npm:^7.0.2":
  version: 7.0.2
  resolution: "typescript@npm:7.0.2"
  dependencies:
    "@typescript/typescript-aix-ppc64": "npm:7.0.2"
    "@typescript/typescript-darwin-arm64": "npm:7.0.2"
    "@typescript/typescript-darwin-x64": "npm:7.0.2"
    "@typescript/typescript-freebsd-arm64": "npm:7.0.2"
    "@typescript/typescript-freebsd-x64": "npm:7.0.2"
    "@typescript/typescript-linux-arm": "npm:7.0.2"
    "@typescript/typescript-linux-arm64": "npm:7.0.2"
    "@typescript/typescript-linux-loong64": "npm:7.0.2"
    "@typescript/typescript-linux-mips64el": "npm:7.0.2"
    "@typescript/typescript-linux-ppc64": "npm:7.0.2"
    "@typescript/typescript-linux-riscv64": "npm:7.0.2"
    "@typescript/typescript-linux-s390x": "npm:7.0.2"
    "@typescript/typescript-linux-x64": "npm:7.0.2"
    "@typescript/typescript-netbsd-arm64": "npm:7.0.2"
    "@typescript/typescript-netbsd-x64": "npm:7.0.2"
    "@typescript/typescript-openbsd-arm64": "npm:7.0.2"
    "@typescript/typescript-openbsd-x64": "npm:7.0.2"
    "@typescript/typescript-sunos-x64": "npm:7.0.2"
    "@typescript/typescript-win32-arm64": "npm:7.0.2"
    "@typescript/typescript-win32-x64": "npm:7.0.2"
  dependenciesMeta:
    "@typescript/typescript-aix-ppc64":
      optional: true
    "@typescript/typescript-darwin-arm64":
      optional: true
    "@typescript/typescript-darwin-x64":
      optional: true
    "@typescript/typescript-freebsd-arm64":
      optional: true
    "@typescript/typescript-freebsd-x64":
      optional: true
    "@typescript/typescript-linux-arm":
      optional: true
    "@typescript/typescript-linux-arm64":
      optional: true
    "@typescript/typescript-linux-loong64":
      optional: true
    "@typescript/typescript-linux-mips64el":
      optional: true
    "@typescript/typescript-linux-ppc64":
      optional: true
    "@typescript/typescript-linux-riscv64":
      optional: true
    "@typescript/typescript-linux-s390x":
      optional: true
    "@typescript/typescript-linux-x64":
      optional: true
    "@typescript/typescript-netbsd-arm64":
      optional: true
    "@typescript/typescript-netbsd-x64":
      optional: true
    "@typescript/typescript-openbsd-arm64":
      optional: true
    "@typescript/typescript-openbsd-x64":
      optional: true
    "@typescript/typescript-sunos-x64":
      optional: true
    "@typescript/typescript-win32-arm64":
      optional: true
    "@typescript/typescript-win32-x64":
      optional: true
  bin:
    tsc: bin/tsc
  checksum: 10/b0179005349b43dc1febb35c4e79162cdf89b84eae60f6deac142429109041e07582e69a6aacf5a897e085869686d4512ea444a10acf5b5aa2b60910f82a19ca
  languageName: node
  linkType: hard

"typescript@patch:typescript@npm%3A^7.0.2#optional!builtin<compat/typescript>":
  version: 7.0.2
  resolution: "typescript@patch:typescript@npm%3A7.0.2#optional!builtin<compat/typescript>::version=7.0.2&hash=3bafbf"
  dependencies:
    "@typescript/typescript-aix-ppc64": "npm:7.0.2"
    "@typescript/typescript-darwin-arm64": "npm:7.0.2"
    "@typescript/typescript-darwin-x64": "npm:7.0.2"
    "@typescript/typescript-freebsd-arm64": "npm:7.0.2"
    "@typescript/typescript-freebsd-x64": "npm:7.0.2"
    "@typescript/typescript-linux-arm": "npm:7.0.2"
    "@typescript/typescript-linux-arm64": "npm:7.0.2"
    "@typescript/typescript-linux-loong64": "npm:7.0.2"
    "@typescript/typescript-linux-mips64el": "npm:7.0.2"
    "@typescript/typescript-linux-ppc64": "npm:7.0.2"
    "@typescript/typescript-linux-riscv64": "npm:7.0.2"
    "@typescript/typescript-linux-s390x": "npm:7.0.2"
    "@typescript/typescript-linux-x64": "npm:7.0.2"
    "@typescript/typescript-netbsd-arm64": "npm:7.0.2"
    "@typescript/typescript-netbsd-x64": "npm:7.0.2"
    "@typescript/typescript-openbsd-arm64": "npm:7.0.2"
    "@typescript/typescript-openbsd-x64": "npm:7.0.2"
    "@typescript/typescript-sunos-x64": "npm:7.0.2"
    "@typescript/typescript-win32-arm64": "npm:7.0.2"
    "@typescript/typescript-win32-x64": "npm:7.0.2"
  dependenciesMeta:
    "@typescript/typescript-aix-ppc64":
      optional: true
    "@typescript/typescript-darwin-arm64":
      optional: true
    "@typescript/typescript-darwin-x64":
      optional: true
    "@typescript/typescript-freebsd-arm64":
      optional: true
    "@typescript/typescript-freebsd-x64":
      optional: true
    "@typescript/typescript-linux-arm":
      optional: true
    "@typescript/typescript-linux-arm64":
      optional: true
    "@typescript/typescript-linux-loong64":
      optional: true
    "@typescript/typescript-linux-mips64el":
      optional: true
    "@typescript/typescript-linux-ppc64":
      optional: true
    "@typescript/typescript-linux-riscv64":
      optional: true
    "@typescript/typescript-linux-s390x":
      optional: true
    "@typescript/typescript-linux-x64":
      optional: true
    "@typescript/typescript-netbsd-arm64":
      optional: true
    "@typescript/typescript-netbsd-x64":
      optional: true
    "@typescript/typescript-openbsd-arm64":
      optional: true
    "@typescript/typescript-openbsd-x64":
      optional: true
    "@typescript/typescript-sunos-x64":
      optional: true
    "@typescript/typescript-win32-arm64":
      optional: true
    "@typescript/typescript-win32-x64":
      optional: true
  bin:
    tsc: bin/tsc
  checksum: 10/6d7f3d34ca7fbd3eb4999f06db29340d3dcedd7d40ed71654ea53ecd0f28a330edf0f55a0acf541bf294a2f024f11242075c1a83aed4bd99776fe99af45b994b
  languageName: node
  linkType: hard

"uc.micro@npm:^2.0.0, uc.micro@npm:^2.1.0":
  version: 2.1.0
  resolution: "uc.micro@npm:2.1.0"
  checksum: 10/37197358242eb9afe367502d4638ac8c5838b78792ab218eafe48287b0ed28aaca268ec0392cc5729f6c90266744de32c06ae938549aee041fc93b0f9672d6b2
  languageName: node
  linkType: hard

"undici-types@npm:~6.21.0":
  version: 6.21.0
  resolution: "undici-types@npm:6.21.0"
  checksum: 10/ec8f41aa4359d50f9b59fa61fe3efce3477cc681908c8f84354d8567bb3701fafdddf36ef6bff307024d3feb42c837cf6f670314ba37fc8145e219560e473d14
  languageName: node
  linkType: hard

"undici-types@npm:~7.10.0":
  version: 7.10.0
  resolution: "undici-types@npm:7.10.0"
  checksum: 10/1f3fe777937690ab8a7a7bccabc8fdf4b3171f4899b5a384fb5f3d6b56c4b5fec2a51fbf345c9dd002ff6716fd440a37fa8fdb0e13af8eca8889f25445875ba3
  languageName: node
  linkType: hard

"yaml@npm:^2.9.0":
  version: 2.9.0
  resolution: "yaml@npm:2.9.0"
  bin:
    yaml: bin.mjs
  checksum: 10/9a95e8e08651c3d292ab6a5befeb5f57b76801caa097c75bb45c9a70ce19c1b11f57e87a6ef84a579ea070ed2c2c8ac541c88c0ae684d544d5f42c7e77d11b7b
  languageName: node
  linkType: hard
