# This file is generated by running "yarn install" inside your project.
# Manual changes might be lost - proceed with caution!

__metadata:
  version: 9
  cacheKey: 10

"@gerrit0/mini-shiki@npm:^3.23.0":
  version: 3.23.0
  resolution: "@gerrit0/mini-shiki@npm:3.23.0"
  dependencies:
    "@shikijs/engine-oniguruma": "npm:^3.23.0"
    "@shikijs/langs": "npm:^3.23.0"
    "@shikijs/themes": "npm:^3.23.0"
    "@shikijs/types": "npm:^3.23.0"
    "@shikijs/vscode-textmate": "npm:^10.0.2"
  checksum: 10/d44dac7c3f58ba136285b3c15c8a89eba120f7a493dddcf6178601ab8c0a5286da6a19515100297934288c41ae225f21013a4c395fe2f656b58f812dd13ccc1e
  languageName: node
  linkType: hard

"@shikijs/engine-oniguruma@npm:^3.23.0":
  version: 3.23.0
  resolution: "@shikijs/engine-oniguruma@npm:3.23.0"
  dependencies:
    "@shikijs/types": "npm:3.23.0"
    "@shikijs/vscode-textmate": "npm:^10.0.2"
  checksum: 10/edd8983be86f6b055793813e80ecf31c3cefdd896f3742797ae03f2cbb9f467ac736c4b152d4a5c42dbd17da17d24ff798a15d37bcf6205d7f8cd8f44e2a11e0
  languageName: node
  linkType: hard

"@shikijs/langs@npm:^3.23.0":
  version: 3.23.0
  resolution: "@shikijs/langs@npm:3.23.0"
  dependencies:
    "@shikijs/types": "npm:3.23.0"
  checksum: 10/115b1afb9eb4eb300eb68b146e442f7e6d196878798c5b9d75dd53a6ef1e1c3b27e325353a10973e3fa47d88630e937b8a3cf3b37b6eef80bf2aec3d51657bb3
  languageName: node
  linkType: hard

"@shikijs/themes@npm:^3.23.0":
  version: 3.23.0
  resolution: "@shikijs/themes@npm:3.23.0"
  dependencies:
    "@shikijs/types": "npm:3.23.0"
  checksum: 10/741987380445b788aea6cc1e03492bc06950f1a0461edf45083bd226889c5ba78c7ed1af9724afacab7d6471777f0c0e8871577183dfb2cfbceb255663374835
  languageName: node
  linkType: hard

"@shikijs/types@npm:3.23.0, @shikijs/types@npm:^3.23.0":
  version: 3.23.0
  resolution: "@shikijs/types@npm:3.23.0"
  dependencies:
    "@shikijs/vscode-textmate": "npm:^10.0.2"
    "@types/hast": "npm:^3.0.4"
  checksum: 10/18b5703d445d53dd6782a3e2c7332009302c6c046f301d9cd99f1a26b9c8329b3e502b096894bffac61f78835c533827bab2ce78a39666ab87b78f8d7ca11f7b
  languageName: node
  linkType: hard

"@shikijs/vscode-textmate@npm:^10.0.2":
  version: 10.0.2
  resolution: "@shikijs/vscode-textmate@npm:10.0.2"
  checksum: 10/d924cba8a01cd9ca12f56ba097d628fdb81455abb85884c8d8a5ae85b628a37dd5907e7691019b97107bd6608c866adf91ba04a1c3bba391281c88e386c044ea
  languageName: node
  linkType: hard

"@thi.ng/api@npm:^8.12.20":
  version: 8.12.20
  resolution: "@thi.ng/api@npm:8.12.20"
  checksum: 10/7ead5a1fae2d4eaebb9ce41307ecbda2375c4ad0dde026b4cfcc30eb5207ce6240040a8704c7447d95544c8221166794e9f0b83d85cb0f84d6b3ac9876ed80c7
  languageName: node
  linkType: hard

"@thi.ng/args@npm:^3.2.18":
  version: 3.2.18
  resolution: "@thi.ng/args@npm:3.2.18"
  dependencies:
    "@thi.ng/api": "npm:^8.12.20"
    "@thi.ng/checks": "npm:^3.9.0"
    "@thi.ng/errors": "npm:^2.6.9"
    "@thi.ng/logger": "npm:^3.3.3"
    "@thi.ng/strings": "npm:^3.12.2"
    "@thi.ng/text-format": "npm:^2.2.60"
  checksum: 10/39c2ade17b0134c5e2479617ed4d3d4c8a12de237729ce4ff57975ae9d5f559bcb380724ffa09571482cc16ce41d96b68bc131c2f84d09c870178b9ed5fe610c
  languageName: node
  linkType: hard

"@thi.ng/arrays@npm:^2.14.16":
  version: 2.14.16
  resolution: "@thi.ng/arrays@npm:2.14.16"
  dependencies:
    "@thi.ng/api": "npm:^8.12.20"
    "@thi.ng/checks": "npm:^3.9.0"
    "@thi.ng/compare": "npm:^2.5.8"
    "@thi.ng/equiv": "npm:^2.1.109"
    "@thi.ng/errors": "npm:^2.6.9"
    "@thi.ng/random": "npm:^4.1.45"
  checksum: 10/86c1a42cfa6c452ed00cb9e456c3d47d0193d29a7ad291cbf9713476a46077cb32bc25430a4177a3e7461aac1b9192c2b9dc3c5c7dfbe963ee9c99a0ba8794cc
  languageName: node
  linkType: hard

"@thi.ng/checks@npm:^3.9.0":
  version: 3.9.0
  resolution: "@thi.ng/checks@npm:3.9.0"
  checksum: 10/d285fc58998f527b2b45d6ed2b7c776236fe54b2c97c7cc63b6d710778a14a16c9700157d32f439eb5908a9bca76bf47ecbab65604db6806c203c1c12f23a70d
  languageName: node
  linkType: hard

"@thi.ng/compare@npm:^2.5.8":
  version: 2.5.8
  resolution: "@thi.ng/compare@npm:2.5.8"
  dependencies:
    "@thi.ng/api": "npm:^8.12.20"
  checksum: 10/f2e83525d9d3881c77831224a240498460eca511b6ae8d9eb5297e42ec3d069e1b4186318e6a112bd521eef1e707890c52c5f9fe4b33a1b0105717993d25d3eb
  languageName: node
  linkType: hard

"@thi.ng/compose@npm:^3.0.57":
  version: 3.0.57
  resolution: "@thi.ng/compose@npm:3.0.57"
  dependencies:
    "@thi.ng/api": "npm:^8.12.20"
    "@thi.ng/errors": "npm:^2.6.9"
  checksum: 10/09defc941ae07ed7f4c37dd9f142310d597fc4650f55ce773100e33aa0097bf2a32fae26862b0c1c24f0c23149f6bf79432656fe7cf070057b4a9ea74e7932fa
  languageName: node
  linkType: hard

"@thi.ng/csv@npm:^2.5.32":
  version: 2.5.32
  resolution: "@thi.ng/csv@npm:2.5.32"
  dependencies:
    "@thi.ng/api": "npm:^8.12.20"
    "@thi.ng/checks": "npm:^3.9.0"
    "@thi.ng/errors": "npm:^2.6.9"
    "@thi.ng/strings": "npm:^3.12.2"
    "@thi.ng/transducers": "npm:^9.6.33"
  checksum: 10/d41d1bda3391a2c217d9198f8e8ebae50348e955e8cafbfd1e7b01c5e7e81d0ec8fa7b2ff9ce3fa5ee08d56721257b27d040253d8ef51af943728a4dbe4d9a30
  languageName: node
  linkType: hard

"@thi.ng/date@npm:^2.8.4":
  version: 2.8.4
  resolution: "@thi.ng/date@npm:2.8.4"
  dependencies:
    "@thi.ng/api": "npm:^8.12.20"
    "@thi.ng/checks": "npm:^3.9.0"
    "@thi.ng/strings": "npm:^3.12.2"
  checksum: 10/c59037b258a5aff2553414e7ba8248e50ba49cd14f555a854ca68f5b45e944b0d9eb7c4045eefe5f3894044c6feb990e3f7ef9e7008dfc70bb96db30d40ab224
  languageName: node
  linkType: hard

"@thi.ng/defmulti@npm:^3.0.97":
  version: 3.0.97
  resolution: "@thi.ng/defmulti@npm:3.0.97"
  dependencies:
    "@thi.ng/api": "npm:^8.12.20"
    "@thi.ng/errors": "npm:^2.6.9"
    "@thi.ng/logger": "npm:^3.3.3"
  checksum: 10/f90bce2f92d9e5dc15db9c8b3e7c753653b9e1af8ac9a811b2b3945ea9fe61a98ac2af52e10dca2483b65fe06b538e1362df16ea80138a700eb8572ee1abf9eb
  languageName: node
  linkType: hard

"@thi.ng/equiv@npm:^2.1.109":
  version: 2.1.109
  resolution: "@thi.ng/equiv@npm:2.1.109"
  checksum: 10/4d563b763e991ddf0c40c37c397d0831e4b627876005b1749893c093bc96a39d739f56f5643cd323fd6085c01e66670193c0a808b88b51e8cdfd09b6d1551cb4
  languageName: node
  linkType: hard

"@thi.ng/errors@npm:^2.6.9":
  version: 2.6.9
  resolution: "@thi.ng/errors@npm:2.6.9"
  checksum: 10/bad4b56d4c06acc3fbcdfd928d5c3617e3fad2e6af02d0c1b29e1830d9bbdbaf07189c81b7a18a926b0e79bf878d5b27b369c6c45d00cf136d9e33e9ad56f614
  languageName: node
  linkType: hard

"@thi.ng/file-io@npm:^2.2.31":
  version: 2.2.31
  resolution: "@thi.ng/file-io@npm:2.2.31"
  dependencies:
    "@thi.ng/api": "npm:^8.12.20"
    "@thi.ng/checks": "npm:^3.9.0"
    "@thi.ng/hex": "npm:^2.4.12"
    "@thi.ng/logger": "npm:^3.3.3"
    "@thi.ng/random": "npm:^4.1.45"
  checksum: 10/36b8699613ae3a8e69ab21ef9dfcd56828c439f581fd4f85f94eecc2f675a22d4c5bf9f38839eeda2aa8742aa006b735f8681f2642e6587a4f8d5f7dd432c1a5
  languageName: node
  linkType: hard

"@thi.ng/hex@npm:^2.4.12":
  version: 2.4.12
  resolution: "@thi.ng/hex@npm:2.4.12"
  checksum: 10/280d635edafb7f2d89e25e612f6252841ecc748919a1fb7aa22fcb05267020fc19e67fe8bf125472ed4a68d2820ab55ce8a3bc3b6d53d103dcdb49b60479652e
  languageName: node
  linkType: hard

"@thi.ng/ledger-cli@workspace:packages/ledger-cli":
  version: 0.0.0-use.local
  resolution: "@thi.ng/ledger-cli@workspace:packages/ledger-cli"
  dependencies:
    "@thi.ng/api": "npm:^8.12.20"
    "@thi.ng/args": "npm:^3.2.18"
    "@thi.ng/compare": "npm:^2.5.8"
    "@thi.ng/csv": "npm:^2.5.32"
    "@thi.ng/date": "npm:^2.8.4"
    "@thi.ng/defmulti": "npm:^3.0.97"
    "@thi.ng/errors": "npm:^2.6.9"
    "@thi.ng/file-io": "npm:^2.2.31"
    "@thi.ng/lispy": "npm:^0.4.32"
    "@thi.ng/logger": "npm:^3.3.3"
    "@thi.ng/markdown-table": "npm:^1.0.60"
    "@thi.ng/transducers": "npm:^9.6.33"
    "@thi.ng/trie": "npm:^2.0.19"
    "@types/node": "npm:^25.6.0"
    dotenv: "npm:^17.4.2"
    typedoc: "npm:^0.28.19"
    typescript: "npm:^5.9.3"
  bin:
    ledger-cli: bin/ledger-cli
  languageName: unknown
  linkType: soft

"@thi.ng/lispy@npm:^0.4.32":
  version: 0.4.32
  resolution: "@thi.ng/lispy@npm:0.4.32"
  dependencies:
    "@thi.ng/api": "npm:^8.12.20"
    "@thi.ng/checks": "npm:^3.9.0"
    "@thi.ng/compare": "npm:^2.5.8"
    "@thi.ng/defmulti": "npm:^3.0.97"
    "@thi.ng/errors": "npm:^2.6.9"
    "@thi.ng/math": "npm:^5.15.9"
    "@thi.ng/object-utils": "npm:^1.3.12"
    "@thi.ng/sexpr": "npm:^1.1.30"
    "@thi.ng/strings": "npm:^3.12.2"
  checksum: 10/9731ced2e7e31f77dfb304c2c9445252c37b5250d70b1307382dde9c10ec7f785c1c1df06b16b449cf2fd7f7265c515471177fe7eb6d24a6ab20393d9a0a33b3
  languageName: node
  linkType: hard

"@thi.ng/logger@npm:^3.3.3":
  version: 3.3.3
  resolution: "@thi.ng/logger@npm:3.3.3"
  checksum: 10/182dae3f37c52201abdec0097dc305783c19b5fb1516d0e5240d4bc3061d034c78d5fdc6412b2e4cd6bf05d2006814ba031b61cf24c9bccbedcff93abb4e8ff7
  languageName: node
  linkType: hard

"@thi.ng/markdown-table@npm:^1.0.60":
  version: 1.0.60
  resolution: "@thi.ng/markdown-table@npm:1.0.60"
  dependencies:
    "@thi.ng/api": "npm:^8.12.20"
    "@thi.ng/checks": "npm:^3.9.0"
    "@thi.ng/compose": "npm:^3.0.57"
    "@thi.ng/errors": "npm:^2.6.9"
    "@thi.ng/strings": "npm:^3.12.2"
    "@thi.ng/transducers": "npm:^9.6.33"
  checksum: 10/33aa8e92734fb1235b9f7647aa58fa5a131a7b17fefa00e4a9add26988ebf04228de1ad93f76138a678e0a0a5c3dcf8ed543e9401875bd64a08f385d262cdfac
  languageName: node
  linkType: hard

"@thi.ng/math@npm:^5.15.9":
  version: 5.15.9
  resolution: "@thi.ng/math@npm:5.15.9"
  dependencies:
    "@thi.ng/api": "npm:^8.12.20"
  checksum: 10/976f55a633519ad95daa62c1336020949aec3137727b460107751902a785196618554f60537fc2c7db0ed2250b094de8b7a15d2a186495f3f2900fa7b9de9a28
  languageName: node
  linkType: hard

"@thi.ng/memoize@npm:^4.0.44":
  version: 4.0.44
  resolution: "@thi.ng/memoize@npm:4.0.44"
  dependencies:
    "@thi.ng/api": "npm:^8.12.20"
  checksum: 10/7c719958a120b26bc77a72587eb34184fef35307567c924e1448eff6fafab1485fb9dc7b705318ffd0d0e0504337dad4dd0baf6959dd29d3776506bc8464e2ac
  languageName: node
  linkType: hard

"@thi.ng/object-utils@npm:^1.3.12":
  version: 1.3.12
  resolution: "@thi.ng/object-utils@npm:1.3.12"
  dependencies:
    "@thi.ng/api": "npm:^8.12.20"
    "@thi.ng/checks": "npm:^3.9.0"
  checksum: 10/0921ad035ef264c8a4c46fe898c07dea5429b9c62befd2a7f401e5ba7e8ada56afae6e8dac17ed22f29163241ceb4a1ea33bcd0980136874039f7f6eaddac584
  languageName: node
  linkType: hard

"@thi.ng/random@npm:^4.1.45":
  version: 4.1.45
  resolution: "@thi.ng/random@npm:4.1.45"
  dependencies:
    "@thi.ng/api": "npm:^8.12.20"
    "@thi.ng/errors": "npm:^2.6.9"
  checksum: 10/51a636e57eecaaa389c797d44b084846b31c2a0946f9f4baafba2b520b4f954d8c0330cfc5b967a2f0e842e73ba35f12585611b6476380428332afca356b501a
  languageName: node
  linkType: hard

"@thi.ng/sexpr@npm:^1.1.30":
  version: 1.1.30
  resolution: "@thi.ng/sexpr@npm:1.1.30"
  dependencies:
    "@thi.ng/api": "npm:^8.12.20"
    "@thi.ng/checks": "npm:^3.9.0"
    "@thi.ng/defmulti": "npm:^3.0.97"
    "@thi.ng/strings": "npm:^3.12.2"
  checksum: 10/fe3a865be9b703e7e01af00eb78233e7df59b12efaab6f3cba27ce41d23fb65a7f6f890a543df3fc243b96c1ef9376857f932a2a974c357e6ad87b877c8461c3
  languageName: node
  linkType: hard

"@thi.ng/strings@npm:^3.12.2":
  version: 3.12.2
  resolution: "@thi.ng/strings@npm:3.12.2"
  dependencies:
    "@thi.ng/api": "npm:^8.12.20"
    "@thi.ng/errors": "npm:^2.6.9"
    "@thi.ng/hex": "npm:^2.4.12"
    "@thi.ng/memoize": "npm:^4.0.44"
  checksum: 10/8f589b53bde505840b9d69b55eff8c21b55b7fd97d808fd217d611d75d3075eb0a5cab4c4ad42362907d4f7c3e73208ca83beea3eaa25c21f028c32005f962e9
  languageName: node
  linkType: hard

"@thi.ng/text-format@npm:^2.2.60":
  version: 2.2.60
  resolution: "@thi.ng/text-format@npm:2.2.60"
  dependencies:
    "@thi.ng/api": "npm:^8.12.20"
    "@thi.ng/hex": "npm:^2.4.12"
    "@thi.ng/memoize": "npm:^4.0.44"
  checksum: 10/6c2efc8ea4321f3ef1d08260c70ecf45829ee868f725e3faafdc16e6fd6d2868680f0d405029f1d63161afbb584ffc7f22f90824927835ab4decddf362c58dd5
  languageName: node
  linkType: hard

"@thi.ng/timestamp@npm:^1.1.39":
  version: 1.1.39
  resolution: "@thi.ng/timestamp@npm:1.1.39"
  checksum: 10/f4f52d9a3d326c81d1bbbe4b28aa338de9bdf4c24926e7f4cdbb647f8c43537c25303f51fe4a5108e494be15640ad2e592712f1a549cdc861f2751add212f244
  languageName: node
  linkType: hard

"@thi.ng/transducers@npm:^9.6.33":
  version: 9.6.33
  resolution: "@thi.ng/transducers@npm:9.6.33"
  dependencies:
    "@thi.ng/api": "npm:^8.12.20"
    "@thi.ng/arrays": "npm:^2.14.16"
    "@thi.ng/checks": "npm:^3.9.0"
    "@thi.ng/compare": "npm:^2.5.8"
    "@thi.ng/compose": "npm:^3.0.57"
    "@thi.ng/errors": "npm:^2.6.9"
    "@thi.ng/math": "npm:^5.15.9"
    "@thi.ng/random": "npm:^4.1.45"
    "@thi.ng/timestamp": "npm:^1.1.39"
  checksum: 10/117d68ea163756982bbe7a4ad01865f4e37fb7345161dc79c65ebf281d0e15e6187b36a24a8c85b36a4bbb6608f7bb1bf142d33f5dd8321c01d3dd0d9eaee571
  languageName: node
  linkType: hard

"@thi.ng/trie@npm:^2.0.19":
  version: 2.0.19
  resolution: "@thi.ng/trie@npm:2.0.19"
  dependencies:
    "@thi.ng/api": "npm:^8.12.20"
  checksum: 10/e59483d5b26e3e5a5ec9886d4741db17730a9a221c2cbf10876738371fa8699d3877fb024cc3c7ffb30fdc26bb95fb2a0616129278681ac1b1a237f8cf30b416
  languageName: node
  linkType: hard

"@types/hast@npm:^3.0.4":
  version: 3.0.4
  resolution: "@types/hast@npm:3.0.4"
  dependencies:
    "@types/unist": "npm:*"
  checksum: 10/732920d81bb7605895776841b7658b4d8cc74a43a8fa176017cc0fb0ecc1a4c82a2b75a4fe6b71aa262b649d3fb62858c6789efa3793ea1d40269953af96ecb5
  languageName: node
  linkType: hard

"@types/node@npm:*":
  version: 24.2.0
  resolution: "@types/node@npm:24.2.0"
  dependencies:
    undici-types: "npm:~7.10.0"
  checksum: 10/b81501e05f15df28102baac60afbc82d30009ee0bf4dee41b7fa326ec5789d0d83dd28c418e04dc30a9513ab6afb9813edc75042aef751336d8dcfefe099709c
  languageName: node
  linkType: hard

"@types/node@npm:^25.6.0":
  version: 25.6.0
  resolution: "@types/node@npm:25.6.0"
  dependencies:
    undici-types: "npm:~7.19.0"
  checksum: 10/99b18690a4be55904cbf8f6a6ac8eed5ec5b8d791fdd8ee2ae598b46c0fa9b83cda7b70dd7f00dbfb18189dcfc67648fdc7fdd3fcced2619a5a6453d9aec107d
  languageName: node
  linkType: hard

"@types/unist@npm:*":
  version: 3.0.3
  resolution: "@types/unist@npm:3.0.3"
  checksum: 10/96e6453da9e075aaef1dc22482463898198acdc1eeb99b465e65e34303e2ec1e3b1ed4469a9118275ec284dc98019f63c3f5d49422f0e4ac707e5ab90fb3b71a
  languageName: node
  linkType: hard

"argparse@npm:^2.0.1":
  version: 2.0.1
  resolution: "argparse@npm:2.0.1"
  checksum: 10/18640244e641a417ec75a9bd38b0b2b6b95af5199aa241b131d4b2fb206f334d7ecc600bd194861610a5579084978bfcbb02baa399dbe442d56d0ae5e60dbaef
  languageName: node
  linkType: hard

"balanced-match@npm:^4.0.2":
  version: 4.0.4
  resolution: "balanced-match@npm:4.0.4"
  checksum: 10/fb07bb66a0959c2843fc055838047e2a95ccebb837c519614afb067ebfdf2fa967ca8d712c35ced07f2cd26fc6f07964230b094891315ad74f11eba3d53178a0
  languageName: node
  linkType: hard

"brace-expansion@npm:^5.0.5":
  version: 5.0.5
  resolution: "brace-expansion@npm:5.0.5"
  dependencies:
    balanced-match: "npm:^4.0.2"
  checksum: 10/f259b2ddf04489da9512ad637ba6b4ef2d77abd4445d20f7f1714585f153435200a53fa6a2e4a5ee974df14ddad4cd16421f6f803e96e8b452bd48598878d0ee
  languageName: node
  linkType: hard

"bun-types@npm:1.3.13":
  version: 1.3.13
  resolution: "bun-types@npm:1.3.13"
  dependencies:
    "@types/node": "npm:*"
  checksum: 10/fbaa8fcd7108519dec37655124ed4e2f966d811761bb4419e8ed058ebc71bafe08131ae57f5a2ce7ee701838a230c11f416fd60e972b5a74be7d450d70797331
  languageName: node
  linkType: hard

"dotenv@npm:^17.4.2":
  version: 17.4.2
  resolution: "dotenv@npm:17.4.2"
  checksum: 10/ca1b6f54d58e39914901e1518958e86083aca8deb5aa2e7f2a51acd53291d97852479b0ab26ed949b6a45a0e9adcc7b0d1c3c72375e8ea670f7005e341c6daba
  languageName: node
  linkType: hard

"entities@npm:^4.4.0":
  version: 4.5.0
  resolution: "entities@npm:4.5.0"
  checksum: 10/ede2a35c9bce1aeccd055a1b445d41c75a14a2bb1cd22e242f20cf04d236cdcd7f9c859eb83f76885327bfae0c25bf03303665ee1ce3d47c5927b98b0e3e3d48
  languageName: node
  linkType: hard

"linkify-it@npm:^5.0.0":
  version: 5.0.0
  resolution: "linkify-it@npm:5.0.0"
  dependencies:
    uc.micro: "npm:^2.0.0"
  checksum: 10/ef3b7609dda6ec0c0be8a7b879cea195f0d36387b0011660cd6711bba0ad82137f59b458b7e703ec74f11d88e7c1328e2ad9b855a8500c0ded67461a8c4519e6
  languageName: node
  linkType: hard

"lunr@npm:^2.3.9":
  version: 2.3.9
  resolution: "lunr@npm:2.3.9"
  checksum: 10/f2f6db34c046f5a767782fe2454e6dd69c75ba3c5cf5c1cb9cacca2313a99c2ba78ff8fa67dac866fb7c4ffd5f22e06684793f5f15ba14bddb598b94513d54bf
  languageName: node
  linkType: hard

"markdown-it@npm:^14.1.1":
  version: 14.1.1
  resolution: "markdown-it@npm:14.1.1"
  dependencies:
    argparse: "npm:^2.0.1"
    entities: "npm:^4.4.0"
    linkify-it: "npm:^5.0.0"
    mdurl: "npm:^2.0.0"
    punycode.js: "npm:^2.3.1"
    uc.micro: "npm:^2.1.0"
  bin:
    markdown-it: bin/markdown-it.mjs
  checksum: 10/088822c8aa9346ba4af6a205f6ee0f4baae55e3314f040dc5c28c897d57d0f979840c71872b3582a6a6e572d8c851c54e323c82f4559011dfa2e96224fc20fc2
  languageName: node
  linkType: hard

"mdurl@npm:^2.0.0":
  version: 2.0.0
  resolution: "mdurl@npm:2.0.0"
  checksum: 10/1720349d4a53e401aa993241368e35c0ad13d816ad0b28388928c58ca9faa0cf755fa45f18ccbf64f4ce54a845a50ddce5c84e4016897b513096a68dac4b0158
  languageName: node
  linkType: hard

"minimatch@npm:^10.2.5":
  version: 10.2.5
  resolution: "minimatch@npm:10.2.5"
  dependencies:
    brace-expansion: "npm:^5.0.5"
  checksum: 10/19e87a931aff60ee7b9d80f39f817b8bfc54f61f8356ee3549fbf636dbccacacfec8d803eac73293955c4527cd085247dfc064bce4a5e349f8f3b85e2bf5da0f
  languageName: node
  linkType: hard

"prettier@npm:^3.8.1":
  version: 3.8.3
  resolution: "prettier@npm:3.8.3"
  bin:
    prettier: bin/prettier.cjs
  checksum: 10/4b3b12cbb29e4c96bed936e5d070167552500c18d37676fb3e0caae6199c42860662608e4dc116230698f6e2bb0267ef2548158224c92d40f188d309d72fdd6f
  languageName: node
  linkType: hard

"punycode.js@npm:^2.3.1":
  version: 2.3.1
  resolution: "punycode.js@npm:2.3.1"
  checksum: 10/f0e946d1edf063f9e3d30a32ca86d8ff90ed13ca40dad9c75d37510a04473340cfc98db23a905cc1e517b1e9deb0f6021dce6f422ace235c60d3c9ac47c5a16a
  languageName: node
  linkType: hard

"root-workspace-0b6124@workspace:.":
  version: 0.0.0-use.local
  resolution: "root-workspace-0b6124@workspace:."
  dependencies:
    bun-types: "npm:1.3.13"
    dotenv: "npm:^17.4.2"
    prettier: "npm:^3.8.1"
  languageName: unknown
  linkType: soft

"tools@workspace:tools":
  version: 0.0.0-use.local
  resolution: "tools@workspace:tools"
  dependencies:
    "@thi.ng/file-io": "npm:^2.2.31"
    "@thi.ng/logger": "npm:^3.3.3"
  languageName: unknown
  linkType: soft

"typedoc@npm:^0.28.19":
  version: 0.28.19
  resolution: "typedoc@npm:0.28.19"
  dependencies:
    "@gerrit0/mini-shiki": "npm:^3.23.0"
    lunr: "npm:^2.3.9"
    markdown-it: "npm:^14.1.1"
    minimatch: "npm:^10.2.5"
    yaml: "npm:^2.8.3"
  peerDependencies:
    typescript: 5.0.x || 5.1.x || 5.2.x || 5.3.x || 5.4.x || 5.5.x || 5.6.x || 5.7.x || 5.8.x || 5.9.x || 6.0.x
  bin:
    typedoc: bin/typedoc
  checksum: 10/b16fdc717b3fad61e7b776f9eae1a762bfb651ccc7ef8b0deacc64d290bc56c2cfe76214e711fa8e0401da01046d97e14293f6798d8e9f15cc71892ad122d309
  languageName: node
  linkType: hard

"typescript@npm:^5.9.3":
  version: 5.9.3
  resolution: "typescript@npm:5.9.3"
  bin:
    tsc: bin/tsc
    tsserver: bin/tsserver
  checksum: 10/c089d9d3da2729fd4ac517f9b0e0485914c4b3c26f80dc0cffcb5de1719a17951e92425d55db59515c1a7ddab65808466debb864d0d56dcf43f27007d0709594
  languageName: node
  linkType: hard

"typescript@patch:typescript@npm%3A^5.9.3#optional!builtin<compat/typescript>":
  version: 5.9.3
  resolution: "typescript@patch:typescript@npm%3A5.9.3#optional!builtin<compat/typescript>::version=5.9.3&hash=5786d5"
  bin:
    tsc: bin/tsc
    tsserver: bin/tsserver
  checksum: 10/696e1b017bc2635f4e0c94eb4435357701008e2f272f553d06e35b494b8ddc60aa221145e286c28ace0c89ee32827a28c2040e3a69bdc108b1a5dc8fb40b72e3
  languageName: node
  linkType: hard

"uc.micro@npm:^2.0.0, uc.micro@npm:^2.1.0":
  version: 2.1.0
  resolution: "uc.micro@npm:2.1.0"
  checksum: 10/37197358242eb9afe367502d4638ac8c5838b78792ab218eafe48287b0ed28aaca268ec0392cc5729f6c90266744de32c06ae938549aee041fc93b0f9672d6b2
  languageName: node
  linkType: hard

"undici-types@npm:~7.10.0":
  version: 7.10.0
  resolution: "undici-types@npm:7.10.0"
  checksum: 10/1f3fe777937690ab8a7a7bccabc8fdf4b3171f4899b5a384fb5f3d6b56c4b5fec2a51fbf345c9dd002ff6716fd440a37fa8fdb0e13af8eca8889f25445875ba3
  languageName: node
  linkType: hard

"undici-types@npm:~7.19.0":
  version: 7.19.2
  resolution: "undici-types@npm:7.19.2"
  checksum: 10/05c34c63444c8caca7137f122b29ed50c1d7d05d1e0b2337f423575d3264054c4a0139e47e82e65723d09b97fcad6d8b0223b3550430a9006cc00e72a1e035bf
  languageName: node
  linkType: hard

"yaml@npm:^2.8.3":
  version: 2.8.3
  resolution: "yaml@npm:2.8.3"
  bin:
    yaml: bin.mjs
  checksum: 10/ecad41d39d34fae5cc17ea2d4b7f7f55faacd45cbce8983ba22d48d1ed1a92ed242ea49ea813a79ac39a69f75f9c5a03e7b5395fd954d55476f25e21a47c141d
  languageName: node
  linkType: hard
