# This file is generated by running "yarn install" inside your project.
# Manual changes might be lost - proceed with caution!

__metadata:
  version: 9
  cacheKey: 10

"@gerrit0/mini-shiki@npm:^3.23.0":
  version: 3.23.0
  resolution: "@gerrit0/mini-shiki@npm:3.23.0"
  dependencies:
    "@shikijs/engine-oniguruma": "npm:^3.23.0"
    "@shikijs/langs": "npm:^3.23.0"
    "@shikijs/themes": "npm:^3.23.0"
    "@shikijs/types": "npm:^3.23.0"
    "@shikijs/vscode-textmate": "npm:^10.0.2"
  checksum: 10/d44dac7c3f58ba136285b3c15c8a89eba120f7a493dddcf6178601ab8c0a5286da6a19515100297934288c41ae225f21013a4c395fe2f656b58f812dd13ccc1e
  languageName: node
  linkType: hard

"@shikijs/engine-oniguruma@npm:^3.23.0":
  version: 3.23.0
  resolution: "@shikijs/engine-oniguruma@npm:3.23.0"
  dependencies:
    "@shikijs/types": "npm:3.23.0"
    "@shikijs/vscode-textmate": "npm:^10.0.2"
  checksum: 10/edd8983be86f6b055793813e80ecf31c3cefdd896f3742797ae03f2cbb9f467ac736c4b152d4a5c42dbd17da17d24ff798a15d37bcf6205d7f8cd8f44e2a11e0
  languageName: node
  linkType: hard

"@shikijs/langs@npm:^3.23.0":
  version: 3.23.0
  resolution: "@shikijs/langs@npm:3.23.0"
  dependencies:
    "@shikijs/types": "npm:3.23.0"
  checksum: 10/115b1afb9eb4eb300eb68b146e442f7e6d196878798c5b9d75dd53a6ef1e1c3b27e325353a10973e3fa47d88630e937b8a3cf3b37b6eef80bf2aec3d51657bb3
  languageName: node
  linkType: hard

"@shikijs/themes@npm:^3.23.0":
  version: 3.23.0
  resolution: "@shikijs/themes@npm:3.23.0"
  dependencies:
    "@shikijs/types": "npm:3.23.0"
  checksum: 10/741987380445b788aea6cc1e03492bc06950f1a0461edf45083bd226889c5ba78c7ed1af9724afacab7d6471777f0c0e8871577183dfb2cfbceb255663374835
  languageName: node
  linkType: hard

"@shikijs/types@npm:3.23.0, @shikijs/types@npm:^3.23.0":
  version: 3.23.0
  resolution: "@shikijs/types@npm:3.23.0"
  dependencies:
    "@shikijs/vscode-textmate": "npm:^10.0.2"
    "@types/hast": "npm:^3.0.4"
  checksum: 10/18b5703d445d53dd6782a3e2c7332009302c6c046f301d9cd99f1a26b9c8329b3e502b096894bffac61f78835c533827bab2ce78a39666ab87b78f8d7ca11f7b
  languageName: node
  linkType: hard

"@shikijs/vscode-textmate@npm:^10.0.2":
  version: 10.0.2
  resolution: "@shikijs/vscode-textmate@npm:10.0.2"
  checksum: 10/d924cba8a01cd9ca12f56ba097d628fdb81455abb85884c8d8a5ae85b628a37dd5907e7691019b97107bd6608c866adf91ba04a1c3bba391281c88e386c044ea
  languageName: node
  linkType: hard

"@thi.ng/api@npm:^8.12.25":
  version: 8.12.25
  resolution: "@thi.ng/api@npm:8.12.25"
  checksum: 10/1a78a3a5038acba6fee2545216df1dce00d7f5fa9bed09445ce47b140b25eaa043ea35a5fca199e53df6c0e940314c9d01e7b56f91293417cda55aef1e1b593c
  languageName: node
  linkType: hard

"@thi.ng/args@npm:^3.2.23":
  version: 3.2.23
  resolution: "@thi.ng/args@npm:3.2.23"
  dependencies:
    "@thi.ng/api": "npm:^8.12.25"
    "@thi.ng/checks": "npm:^3.9.5"
    "@thi.ng/errors": "npm:^2.6.14"
    "@thi.ng/logger": "npm:^3.3.8"
    "@thi.ng/strings": "npm:^3.12.7"
    "@thi.ng/text-format": "npm:^2.2.65"
  checksum: 10/d4f84a6141e9b794e49f9525e8a9b3160a59699e1a7d2d47f8116254ad7fa233e0cb0e59b2838a61cc0143285a922fc79fd2226e006f3886c5a349709a6c8edf
  languageName: node
  linkType: hard

"@thi.ng/arrays@npm:^2.14.22":
  version: 2.14.22
  resolution: "@thi.ng/arrays@npm:2.14.22"
  dependencies:
    "@thi.ng/api": "npm:^8.12.25"
    "@thi.ng/checks": "npm:^3.9.5"
    "@thi.ng/compare": "npm:^2.5.13"
    "@thi.ng/equiv": "npm:^2.1.114"
    "@thi.ng/errors": "npm:^2.6.14"
    "@thi.ng/random": "npm:^4.1.51"
  checksum: 10/1c6621a4da33b3bbd9190cc8b41f593ab8d3c5c69067b638f60d38d9c076337cc2d33516f35db11cf2613c2dee2a4d291a7e5de98f2f753092bf5e4fc76ebed2
  languageName: node
  linkType: hard

"@thi.ng/checks@npm:^3.9.5":
  version: 3.9.5
  resolution: "@thi.ng/checks@npm:3.9.5"
  checksum: 10/cce11ee030e43a1bdde221ad28a997b1c0e273289c3d50556140936ff525031bb38fefb641ff5ee4a76c9ac5396f7a303ed2ada65d023fb88536e1e82251910f
  languageName: node
  linkType: hard

"@thi.ng/compare@npm:^2.5.13":
  version: 2.5.13
  resolution: "@thi.ng/compare@npm:2.5.13"
  dependencies:
    "@thi.ng/api": "npm:^8.12.25"
  checksum: 10/0c0145416e51fd290fdc10c5bd2f40e3a16b6f7d9ccb022de113534fe302891082c3d2ce546f52648ea7b8b3a7f9a64278322da5da43c70e6819e463987ee958
  languageName: node
  linkType: hard

"@thi.ng/compose@npm:^3.0.62":
  version: 3.0.62
  resolution: "@thi.ng/compose@npm:3.0.62"
  dependencies:
    "@thi.ng/api": "npm:^8.12.25"
    "@thi.ng/errors": "npm:^2.6.14"
  checksum: 10/e0cf8689c6b0384073bc4e259d06c590792bc4e938d0552fe00c195004ea6127755eb0b18e1aacfac4d819b4ee1d0bc03100f9b2b5ded80f5c6772aa5347d13b
  languageName: node
  linkType: hard

"@thi.ng/csv@npm:^2.5.38":
  version: 2.5.38
  resolution: "@thi.ng/csv@npm:2.5.38"
  dependencies:
    "@thi.ng/api": "npm:^8.12.25"
    "@thi.ng/checks": "npm:^3.9.5"
    "@thi.ng/errors": "npm:^2.6.14"
    "@thi.ng/strings": "npm:^3.12.7"
    "@thi.ng/transducers": "npm:^9.6.39"
  checksum: 10/1000d872e4b59088d796d02887b8fdb5ace228bb7de061e65fd664b920abb48266b827039239e7902de7e3b178ae39b39360405d2e5bda51fc1041b240e0bb3e
  languageName: node
  linkType: hard

"@thi.ng/date@npm:^2.8.9":
  version: 2.8.9
  resolution: "@thi.ng/date@npm:2.8.9"
  dependencies:
    "@thi.ng/api": "npm:^8.12.25"
    "@thi.ng/checks": "npm:^3.9.5"
    "@thi.ng/strings": "npm:^3.12.7"
  checksum: 10/148d62f7ea80e5e7d26eb34de7e9239802fc1519bef2f176f13798082e9df7ca5533f74640cc54fe66d50ddde6167ec19b09d84cc6167c3ecb0d9ea24b7c96ba
  languageName: node
  linkType: hard

"@thi.ng/defmulti@npm:^3.0.102":
  version: 3.0.102
  resolution: "@thi.ng/defmulti@npm:3.0.102"
  dependencies:
    "@thi.ng/api": "npm:^8.12.25"
    "@thi.ng/errors": "npm:^2.6.14"
    "@thi.ng/logger": "npm:^3.3.8"
  checksum: 10/5ad36e901b09a0c38715e150c60c770adb9457ee61f8931b23d20246cc9d65fd5007bf59d3cec0ce03c29d083be0b768731aa86de27cd57f2af5c5829dff2789
  languageName: node
  linkType: hard

"@thi.ng/equiv@npm:^2.1.114":
  version: 2.1.114
  resolution: "@thi.ng/equiv@npm:2.1.114"
  checksum: 10/7ff3cf60e72e377a0f1ff9b3790863d18abb70ca2255a1bf5a60b52697878697e7ea1e88a1e8b5bc087af538a6255dfad4b600501d06a867c28560463b931894
  languageName: node
  linkType: hard

"@thi.ng/errors@npm:^2.6.14":
  version: 2.6.14
  resolution: "@thi.ng/errors@npm:2.6.14"
  checksum: 10/a5ab51bad7d7dc2a20bb19db97880aba21cd0a47098ca95fe84ecaa920cd20640e6dcdf8f23665f6a41a9b134a25efb29d0e353711252dd57de502bd89ec54ef
  languageName: node
  linkType: hard

"@thi.ng/file-io@npm:^2.2.37":
  version: 2.2.37
  resolution: "@thi.ng/file-io@npm:2.2.37"
  dependencies:
    "@thi.ng/api": "npm:^8.12.25"
    "@thi.ng/checks": "npm:^3.9.5"
    "@thi.ng/hex": "npm:^2.4.17"
    "@thi.ng/logger": "npm:^3.3.8"
    "@thi.ng/random": "npm:^4.1.51"
  checksum: 10/8d4da7833a0e119cb94fcf45cb26aab82bbbaca0f82103d450040988b0a056119d20a37ef3dba796b71ea4d1cb70afa635c3793df24fd9fc22566fc403a1a8de
  languageName: node
  linkType: hard

"@thi.ng/hex@npm:^2.4.17":
  version: 2.4.17
  resolution: "@thi.ng/hex@npm:2.4.17"
  checksum: 10/323517e18a7876309472cd6e1a936c077b4d6e27ab5a5ea84b6352f8d6ebda6b87a7935e7484e807071d5436eec1c5baa8818ed5d517ff082b931db789a89435
  languageName: node
  linkType: hard

"@thi.ng/ledger-cli@workspace:packages/ledger-cli":
  version: 0.0.0-use.local
  resolution: "@thi.ng/ledger-cli@workspace:packages/ledger-cli"
  dependencies:
    "@thi.ng/api": "npm:^8.12.25"
    "@thi.ng/args": "npm:^3.2.23"
    "@thi.ng/compare": "npm:^2.5.13"
    "@thi.ng/csv": "npm:^2.5.38"
    "@thi.ng/date": "npm:^2.8.9"
    "@thi.ng/defmulti": "npm:^3.0.102"
    "@thi.ng/errors": "npm:^2.6.14"
    "@thi.ng/file-io": "npm:^2.2.37"
    "@thi.ng/lispy": "npm:^0.4.37"
    "@thi.ng/logger": "npm:^3.3.8"
    "@thi.ng/markdown-table": "npm:^1.0.66"
    "@thi.ng/transducers": "npm:^9.6.39"
    "@thi.ng/trie": "npm:^2.1.3"
    "@types/node": "npm:^25.9.1"
    dotenv: "npm:^17.4.2"
    typedoc: "npm:^0.28.19"
    typescript: "npm:^6.0.3"
  bin:
    ledger-cli: bin/ledger-cli
  languageName: unknown
  linkType: soft

"@thi.ng/lispy@npm:^0.4.37":
  version: 0.4.37
  resolution: "@thi.ng/lispy@npm:0.4.37"
  dependencies:
    "@thi.ng/api": "npm:^8.12.25"
    "@thi.ng/checks": "npm:^3.9.5"
    "@thi.ng/compare": "npm:^2.5.13"
    "@thi.ng/defmulti": "npm:^3.0.102"
    "@thi.ng/errors": "npm:^2.6.14"
    "@thi.ng/math": "npm:^5.15.14"
    "@thi.ng/object-utils": "npm:^1.3.17"
    "@thi.ng/sexpr": "npm:^1.1.35"
    "@thi.ng/strings": "npm:^3.12.7"
  checksum: 10/26ff5b637cfe5f843e995fdf636de0eceb7da11ec9b2c636e51a050330fe362a3edf4202abd5f09c6d1bb0e8c588744c4bc7e1d261e59e0f0fa2cb2216488652
  languageName: node
  linkType: hard

"@thi.ng/logger@npm:^3.3.8":
  version: 3.3.8
  resolution: "@thi.ng/logger@npm:3.3.8"
  checksum: 10/c22da1afff917c88b664b37690e2204b89fcd5209532b698d631850f9061d320fac0becae54cde7eea7ccb61797ba9f59670cfa3eb70eb14e4d3c3c066f70365
  languageName: node
  linkType: hard

"@thi.ng/markdown-table@npm:^1.0.66":
  version: 1.0.66
  resolution: "@thi.ng/markdown-table@npm:1.0.66"
  dependencies:
    "@thi.ng/api": "npm:^8.12.25"
    "@thi.ng/checks": "npm:^3.9.5"
    "@thi.ng/compose": "npm:^3.0.62"
    "@thi.ng/errors": "npm:^2.6.14"
    "@thi.ng/strings": "npm:^3.12.7"
    "@thi.ng/transducers": "npm:^9.6.39"
  checksum: 10/abe22795f5ee22df5f5f2e989250494f8f4b5c68ce8fc314051d13099b4bf05d97987489f4e7755a1b98777c992189401b71f6c4dea906d9db900746040f23c7
  languageName: node
  linkType: hard

"@thi.ng/math@npm:^5.15.14":
  version: 5.15.14
  resolution: "@thi.ng/math@npm:5.15.14"
  dependencies:
    "@thi.ng/api": "npm:^8.12.25"
  checksum: 10/9139134ea32134107136e86a368e85f62109112b07ad2a7e665aafeb94218cdc805f8ffa020b2e1a415ebd69d95207a01b2f6a4cb7c97fdd3d9b37ee1d65a604
  languageName: node
  linkType: hard

"@thi.ng/memoize@npm:^4.0.49":
  version: 4.0.49
  resolution: "@thi.ng/memoize@npm:4.0.49"
  dependencies:
    "@thi.ng/api": "npm:^8.12.25"
  checksum: 10/1888275cbd12a75be2e2936c455095848da02749b251bd3a5200222337424750ade1260f09f4d17c363774dcd6b0053cbd9b2c3c9c2125a4403e929d818afbe8
  languageName: node
  linkType: hard

"@thi.ng/object-utils@npm:^1.3.17":
  version: 1.3.17
  resolution: "@thi.ng/object-utils@npm:1.3.17"
  dependencies:
    "@thi.ng/api": "npm:^8.12.25"
    "@thi.ng/checks": "npm:^3.9.5"
  checksum: 10/894136837e39e23a724b32c4e329ca15116c7ba8e7889e77416bdda2f7a943fb40af3ab0b42e7514923f76e29a5217b1230b9911b476d12d34d078ddace4bc3b
  languageName: node
  linkType: hard

"@thi.ng/random@npm:^4.1.51":
  version: 4.1.51
  resolution: "@thi.ng/random@npm:4.1.51"
  dependencies:
    "@thi.ng/api": "npm:^8.12.25"
    "@thi.ng/errors": "npm:^2.6.14"
  checksum: 10/ec8d1948e6bfba6d3bbdea4d14df3f402ab724f56dbd8923b11ab679df79878e273e14c7287b8938a6f7f984c95f42c3d1871fd39fe23abc926aa625bf57bc6a
  languageName: node
  linkType: hard

"@thi.ng/sexpr@npm:^1.1.35":
  version: 1.1.35
  resolution: "@thi.ng/sexpr@npm:1.1.35"
  dependencies:
    "@thi.ng/api": "npm:^8.12.25"
    "@thi.ng/checks": "npm:^3.9.5"
    "@thi.ng/defmulti": "npm:^3.0.102"
    "@thi.ng/strings": "npm:^3.12.7"
  checksum: 10/34070c70a51edf9e25375adce42e74119fb793de3c5fa5f2979f0b83396ab6f609fe45b689247bc5e0cf8d1eec4a70cd8857451ff549c02ae5caeceb135df43c
  languageName: node
  linkType: hard

"@thi.ng/strings@npm:^3.12.7":
  version: 3.12.7
  resolution: "@thi.ng/strings@npm:3.12.7"
  dependencies:
    "@thi.ng/api": "npm:^8.12.25"
    "@thi.ng/errors": "npm:^2.6.14"
    "@thi.ng/hex": "npm:^2.4.17"
    "@thi.ng/memoize": "npm:^4.0.49"
  checksum: 10/fc4ed2b9ffd01363cbc3bc10a08622b22c0c8eed6803169329e358b32ddd423cc76e37e8b454c1dd3501a4612d164270bc5c1d59a04b0fef07e321efb0bcd424
  languageName: node
  linkType: hard

"@thi.ng/text-format@npm:^2.2.65":
  version: 2.2.65
  resolution: "@thi.ng/text-format@npm:2.2.65"
  dependencies:
    "@thi.ng/api": "npm:^8.12.25"
    "@thi.ng/hex": "npm:^2.4.17"
    "@thi.ng/memoize": "npm:^4.0.49"
  checksum: 10/74ddd700ea12e2a94f2eea1884d46103b0c3ec594eb187de400f6fff08ae04a2034cf37a3515fc3d800cd39e468f09deff926ca6666d85f45f076c8a7748faed
  languageName: node
  linkType: hard

"@thi.ng/timestamp@npm:^1.1.44":
  version: 1.1.44
  resolution: "@thi.ng/timestamp@npm:1.1.44"
  checksum: 10/9c26963b43a588cd613f12f623cf31a187255a5fa4427faaff1ad22bb4fd3237fbc9d15b68d150765d961cbdfb3e922c12baa5543d444b754f0213bd23514203
  languageName: node
  linkType: hard

"@thi.ng/transducers@npm:^9.6.39":
  version: 9.6.39
  resolution: "@thi.ng/transducers@npm:9.6.39"
  dependencies:
    "@thi.ng/api": "npm:^8.12.25"
    "@thi.ng/arrays": "npm:^2.14.22"
    "@thi.ng/checks": "npm:^3.9.5"
    "@thi.ng/compare": "npm:^2.5.13"
    "@thi.ng/compose": "npm:^3.0.62"
    "@thi.ng/errors": "npm:^2.6.14"
    "@thi.ng/math": "npm:^5.15.14"
    "@thi.ng/random": "npm:^4.1.51"
    "@thi.ng/timestamp": "npm:^1.1.44"
  checksum: 10/8e518f274df4d41bddcdd134214899c796667d6de3c7745189098d415caa51e458f48fde8bfcfc6f1f50b3de9d75760c75e542dd23ec9b41600522ca1a6b7189
  languageName: node
  linkType: hard

"@thi.ng/trie@npm:^2.1.3":
  version: 2.1.3
  resolution: "@thi.ng/trie@npm:2.1.3"
  dependencies:
    "@thi.ng/api": "npm:^8.12.25"
  checksum: 10/3aad9570af7a6a272302a92f8e31fd3c1bfe48d7c1a780b9d1a0bef3790ecd24b8b9b95e0460b4073c1c61bf2844483aa2ff894441748cace6e05128c1ae1d31
  languageName: node
  linkType: hard

"@types/hast@npm:^3.0.4":
  version: 3.0.4
  resolution: "@types/hast@npm:3.0.4"
  dependencies:
    "@types/unist": "npm:*"
  checksum: 10/732920d81bb7605895776841b7658b4d8cc74a43a8fa176017cc0fb0ecc1a4c82a2b75a4fe6b71aa262b649d3fb62858c6789efa3793ea1d40269953af96ecb5
  languageName: node
  linkType: hard

"@types/node@npm:*":
  version: 24.2.0
  resolution: "@types/node@npm:24.2.0"
  dependencies:
    undici-types: "npm:~7.10.0"
  checksum: 10/b81501e05f15df28102baac60afbc82d30009ee0bf4dee41b7fa326ec5789d0d83dd28c418e04dc30a9513ab6afb9813edc75042aef751336d8dcfefe099709c
  languageName: node
  linkType: hard

"@types/node@npm:^25.9.1":
  version: 25.9.1
  resolution: "@types/node@npm:25.9.1"
  dependencies:
    undici-types: "npm:>=7.24.0 <7.24.7"
  checksum: 10/8a1ccf60f0c0ca856d3324a690ee35776f26dfc1d51c3763aecdf246a3246a7971a0156bf6eb3239aa22dfa940eb361d048212f5c3204264d31ef4c41d17416a
  languageName: node
  linkType: hard

"@types/unist@npm:*":
  version: 3.0.3
  resolution: "@types/unist@npm:3.0.3"
  checksum: 10/96e6453da9e075aaef1dc22482463898198acdc1eeb99b465e65e34303e2ec1e3b1ed4469a9118275ec284dc98019f63c3f5d49422f0e4ac707e5ab90fb3b71a
  languageName: node
  linkType: hard

"argparse@npm:^2.0.1":
  version: 2.0.1
  resolution: "argparse@npm:2.0.1"
  checksum: 10/18640244e641a417ec75a9bd38b0b2b6b95af5199aa241b131d4b2fb206f334d7ecc600bd194861610a5579084978bfcbb02baa399dbe442d56d0ae5e60dbaef
  languageName: node
  linkType: hard

"balanced-match@npm:^4.0.2":
  version: 4.0.4
  resolution: "balanced-match@npm:4.0.4"
  checksum: 10/fb07bb66a0959c2843fc055838047e2a95ccebb837c519614afb067ebfdf2fa967ca8d712c35ced07f2cd26fc6f07964230b094891315ad74f11eba3d53178a0
  languageName: node
  linkType: hard

"brace-expansion@npm:^5.0.5":
  version: 5.0.5
  resolution: "brace-expansion@npm:5.0.5"
  dependencies:
    balanced-match: "npm:^4.0.2"
  checksum: 10/f259b2ddf04489da9512ad637ba6b4ef2d77abd4445d20f7f1714585f153435200a53fa6a2e4a5ee974df14ddad4cd16421f6f803e96e8b452bd48598878d0ee
  languageName: node
  linkType: hard

"bun-types@npm:1.3.14":
  version: 1.3.14
  resolution: "bun-types@npm:1.3.14"
  dependencies:
    "@types/node": "npm:*"
  checksum: 10/8c5d7edf6622c6efbbca210e7efc903385ab5057db6a7b9137d84713b2ec213e52a9269e79fd18a9f48fb6acd5f5ced104d7afb08319c39ff1ebd8abf744ec5c
  languageName: node
  linkType: hard

"dotenv@npm:^17.4.2":
  version: 17.4.2
  resolution: "dotenv@npm:17.4.2"
  checksum: 10/ca1b6f54d58e39914901e1518958e86083aca8deb5aa2e7f2a51acd53291d97852479b0ab26ed949b6a45a0e9adcc7b0d1c3c72375e8ea670f7005e341c6daba
  languageName: node
  linkType: hard

"entities@npm:^4.4.0":
  version: 4.5.0
  resolution: "entities@npm:4.5.0"
  checksum: 10/ede2a35c9bce1aeccd055a1b445d41c75a14a2bb1cd22e242f20cf04d236cdcd7f9c859eb83f76885327bfae0c25bf03303665ee1ce3d47c5927b98b0e3e3d48
  languageName: node
  linkType: hard

"linkify-it@npm:^5.0.0":
  version: 5.0.0
  resolution: "linkify-it@npm:5.0.0"
  dependencies:
    uc.micro: "npm:^2.0.0"
  checksum: 10/ef3b7609dda6ec0c0be8a7b879cea195f0d36387b0011660cd6711bba0ad82137f59b458b7e703ec74f11d88e7c1328e2ad9b855a8500c0ded67461a8c4519e6
  languageName: node
  linkType: hard

"lunr@npm:^2.3.9":
  version: 2.3.9
  resolution: "lunr@npm:2.3.9"
  checksum: 10/f2f6db34c046f5a767782fe2454e6dd69c75ba3c5cf5c1cb9cacca2313a99c2ba78ff8fa67dac866fb7c4ffd5f22e06684793f5f15ba14bddb598b94513d54bf
  languageName: node
  linkType: hard

"markdown-it@npm:^14.1.1":
  version: 14.1.1
  resolution: "markdown-it@npm:14.1.1"
  dependencies:
    argparse: "npm:^2.0.1"
    entities: "npm:^4.4.0"
    linkify-it: "npm:^5.0.0"
    mdurl: "npm:^2.0.0"
    punycode.js: "npm:^2.3.1"
    uc.micro: "npm:^2.1.0"
  bin:
    markdown-it: bin/markdown-it.mjs
  checksum: 10/088822c8aa9346ba4af6a205f6ee0f4baae55e3314f040dc5c28c897d57d0f979840c71872b3582a6a6e572d8c851c54e323c82f4559011dfa2e96224fc20fc2
  languageName: node
  linkType: hard

"mdurl@npm:^2.0.0":
  version: 2.0.0
  resolution: "mdurl@npm:2.0.0"
  checksum: 10/1720349d4a53e401aa993241368e35c0ad13d816ad0b28388928c58ca9faa0cf755fa45f18ccbf64f4ce54a845a50ddce5c84e4016897b513096a68dac4b0158
  languageName: node
  linkType: hard

"minimatch@npm:^10.2.5":
  version: 10.2.5
  resolution: "minimatch@npm:10.2.5"
  dependencies:
    brace-expansion: "npm:^5.0.5"
  checksum: 10/19e87a931aff60ee7b9d80f39f817b8bfc54f61f8356ee3549fbf636dbccacacfec8d803eac73293955c4527cd085247dfc064bce4a5e349f8f3b85e2bf5da0f
  languageName: node
  linkType: hard

"prettier@npm:^3.8.3":
  version: 3.8.3
  resolution: "prettier@npm:3.8.3"
  bin:
    prettier: bin/prettier.cjs
  checksum: 10/4b3b12cbb29e4c96bed936e5d070167552500c18d37676fb3e0caae6199c42860662608e4dc116230698f6e2bb0267ef2548158224c92d40f188d309d72fdd6f
  languageName: node
  linkType: hard

"punycode.js@npm:^2.3.1":
  version: 2.3.1
  resolution: "punycode.js@npm:2.3.1"
  checksum: 10/f0e946d1edf063f9e3d30a32ca86d8ff90ed13ca40dad9c75d37510a04473340cfc98db23a905cc1e517b1e9deb0f6021dce6f422ace235c60d3c9ac47c5a16a
  languageName: node
  linkType: hard

"root-workspace-0b6124@workspace:.":
  version: 0.0.0-use.local
  resolution: "root-workspace-0b6124@workspace:."
  dependencies:
    bun-types: "npm:1.3.14"
    dotenv: "npm:^17.4.2"
    prettier: "npm:^3.8.3"
  languageName: unknown
  linkType: soft

"tools@workspace:tools":
  version: 0.0.0-use.local
  resolution: "tools@workspace:tools"
  dependencies:
    "@thi.ng/file-io": "npm:^2.2.37"
    "@thi.ng/logger": "npm:^3.3.8"
  languageName: unknown
  linkType: soft

"typedoc@npm:^0.28.19":
  version: 0.28.19
  resolution: "typedoc@npm:0.28.19"
  dependencies:
    "@gerrit0/mini-shiki": "npm:^3.23.0"
    lunr: "npm:^2.3.9"
    markdown-it: "npm:^14.1.1"
    minimatch: "npm:^10.2.5"
    yaml: "npm:^2.8.3"
  peerDependencies:
    typescript: 5.0.x || 5.1.x || 5.2.x || 5.3.x || 5.4.x || 5.5.x || 5.6.x || 5.7.x || 5.8.x || 5.9.x || 6.0.x
  bin:
    typedoc: bin/typedoc
  checksum: 10/b16fdc717b3fad61e7b776f9eae1a762bfb651ccc7ef8b0deacc64d290bc56c2cfe76214e711fa8e0401da01046d97e14293f6798d8e9f15cc71892ad122d309
  languageName: node
  linkType: hard

"typescript@npm:^6.0.3":
  version: 6.0.3
  resolution: "typescript@npm:6.0.3"
  bin:
    tsc: bin/tsc
    tsserver: bin/tsserver
  checksum: 10/0ef2357a4cffd916b52b683a021cdab0f81eea4e9aa35f2d254581c9a5106da02224e3392e1b0ed42b7a48f80c966e5f52b8e1a27941fa0523c1705a9c2e0330
  languageName: node
  linkType: hard

"typescript@patch:typescript@npm%3A^6.0.3#optional!builtin<compat/typescript>":
  version: 6.0.3
  resolution: "typescript@patch:typescript@npm%3A6.0.3#optional!builtin<compat/typescript>::version=6.0.3&hash=5786d5"
  bin:
    tsc: bin/tsc
    tsserver: bin/tsserver
  checksum: 10/22b67a18dafedf9b1468b64ca20d9aa02ea61d449b65413d8aa6552aeb63f52ef369e86beb25b6b4c91a803d9726ee5c196f391a9b64201263263410a4223ee6
  languageName: node
  linkType: hard

"uc.micro@npm:^2.0.0, uc.micro@npm:^2.1.0":
  version: 2.1.0
  resolution: "uc.micro@npm:2.1.0"
  checksum: 10/37197358242eb9afe367502d4638ac8c5838b78792ab218eafe48287b0ed28aaca268ec0392cc5729f6c90266744de32c06ae938549aee041fc93b0f9672d6b2
  languageName: node
  linkType: hard

"undici-types@npm:>=7.24.0 <7.24.7":
  version: 7.24.6
  resolution: "undici-types@npm:7.24.6"
  checksum: 10/defc9538b952e3c15b8526596c591f7c1f0c7605ad27a2b7feddbea7ef2e3003f3eda2cdb051a3cb1a2185e3893100fd9cb925c799db99d48131ea63b5233d10
  languageName: node
  linkType: hard

"undici-types@npm:~7.10.0":
  version: 7.10.0
  resolution: "undici-types@npm:7.10.0"
  checksum: 10/1f3fe777937690ab8a7a7bccabc8fdf4b3171f4899b5a384fb5f3d6b56c4b5fec2a51fbf345c9dd002ff6716fd440a37fa8fdb0e13af8eca8889f25445875ba3
  languageName: node
  linkType: hard

"yaml@npm:^2.8.3":
  version: 2.8.3
  resolution: "yaml@npm:2.8.3"
  bin:
    yaml: bin.mjs
  checksum: 10/ecad41d39d34fae5cc17ea2d4b7f7f55faacd45cbce8983ba22d48d1ed1a92ed242ea49ea813a79ac39a69f75f9c5a03e7b5395fd954d55476f25e21a47c141d
  languageName: node
  linkType: hard
